
Microsoft Visual Studio Solution File, Format Version 11.00
# Visual Studio 2010
Project("{FAE04EC0-301F-11D3-BF4B-00C04F79EFBC}") = "SiteStatusLoaderService", "SiteStatusLoaderService\SiteStatusLoaderService.csproj", "{14BB0276-7A83-4D3F-8F96-3BB406F034B9}"
EndProject
Project("{FAE04EC0-301F-11D3-BF4B-00C04F79EFBC}") = "SiteStatusLoaderMonitorApplication", "SiteStatusLoaderMonitorApplication\SiteStatusLoaderMonitorApplication.csproj", "{E6478122-B1CA-4212-B833-56BCB9F2392E}"
EndProject
Project("{FAE04EC0-301F-11D3-BF4B-00C04F79EFBC}") = "Properties", "Properties\Properties.csproj", "{6828305D-C79E-4D2F-96D9-77CA38387375}"
EndProject
Project("{FAE04EC0-301F-11D3-BF4B-00C04F79EFBC}") = "DatabaseInfrastructure", "DatabaseInfrastructure\DatabaseInfrastructure.csproj", "{AFE6E00C-E71E-42E4-8D8F-E008112CD51F}"
EndProject
Project("{FAE04EC0-301F-11D3-BF4B-00C04F79EFBC}") = "EventLogging", "EventLogging\EventLogging.csproj", "{F66D5914-542B-45DE-9310-7B0162DD2FEA}"
EndProject
Project("{FAE04EC0-301F-11D3-BF4B-00C04F79EFBC}") = "Common", "Common\Common.csproj", "{7FE8DE4C-1DC4-44F9-A403-6D5C81FB7E5D}"
EndProject
Project("{FAE04EC0-301F-11D3-BF4B-00C04F79EFBC}") = "SiteStatusLoaderEvents", "SiteStatusLoaderEvents\SiteStatusLoaderEvents.csproj", "{43BCB7ED-B312-464D-A161-9BD844D34463}"
EndProject
Global
	GlobalSection(TeamFoundationVersionControl) = preSolution
		SccNumberOfProjects = 8
		SccEnterpriseProvider = {4CA58AB2-18FA-4F8D-95D4-32DDF27D184C}
		SccTeamFoundationServer = http://devtfs:8080/tfs/tdportalprojects
		SccLocalPath0 = .
		SccProjectUniqueName1 = Common\\Common.csproj
		SccProjectName1 = Common
		SccLocalPath1 = Common
		SccProjectUniqueName2 = DatabaseInfrastructure\\DatabaseInfrastructure.csproj
		SccProjectName2 = DatabaseInfrastructure
		SccLocalPath2 = DatabaseInfrastructure
		SccProjectUniqueName3 = EventLogging\\EventLogging.csproj
		SccProjectName3 = EventLogging
		SccLocalPath3 = EventLogging
		SccProjectUniqueName4 = Properties\\Properties.csproj
		SccProjectName4 = Properties
		SccLocalPath4 = Properties
		SccProjectUniqueName5 = SiteStatusLoaderEvents\\SiteStatusLoaderEvents.csproj
		SccProjectName5 = SiteStatusLoaderEvents
		SccLocalPath5 = SiteStatusLoaderEvents
		SccProjectUniqueName6 = SiteStatusLoaderMonitorApplication\\SiteStatusLoaderMonitorApplication.csproj
		SccProjectName6 = SiteStatusLoaderMonitorApplication
		SccLocalPath6 = SiteStatusLoaderMonitorApplication
		SccProjectUniqueName7 = SiteStatusLoaderService\\SiteStatusLoaderService.csproj
		SccProjectName7 = SiteStatusLoaderService
		SccLocalPath7 = SiteStatusLoaderService
	EndGlobalSection
	GlobalSection(SolutionConfigurationPlatforms) = preSolution
		Debug|Any CPU = Debug|Any CPU
		Release|Any CPU = Release|Any CPU
	EndGlobalSection
	GlobalSection(ProjectConfigurationPlatforms) = postSolution
		{14BB0276-7A83-4D3F-8F96-3BB406F034B9}.Debug|Any CPU.ActiveCfg = Debug|Any CPU
		{14BB0276-7A83-4D3F-8F96-3BB406F034B9}.Debug|Any CPU.Build.0 = Debug|Any CPU
		{14BB0276-7A83-4D3F-8F96-3BB406F034B9}.Release|Any CPU.ActiveCfg = Release|Any CPU
		{14BB0276-7A83-4D3F-8F96-3BB406F034B9}.Release|Any CPU.Build.0 = Release|Any CPU
		{E6478122-B1CA-4212-B833-56BCB9F2392E}.Debug|Any CPU.ActiveCfg = Debug|Any CPU
		{E6478122-B1CA-4212-B833-56BCB9F2392E}.Debug|Any CPU.Build.0 = Debug|Any CPU
		{E6478122-B1CA-4212-B833-56BCB9F2392E}.Release|Any CPU.ActiveCfg = Release|Any CPU
		{E6478122-B1CA-4212-B833-56BCB9F2392E}.Release|Any CPU.Build.0 = Release|Any CPU
		{6828305D-C79E-4D2F-96D9-77CA38387375}.Debug|Any CPU.ActiveCfg = Debug|Any CPU
		{6828305D-C79E-4D2F-96D9-77CA38387375}.Debug|Any CPU.Build.0 = Debug|Any CPU
		{6828305D-C79E-4D2F-96D9-77CA38387375}.Release|Any CPU.ActiveCfg = Release|Any CPU
		{6828305D-C79E-4D2F-96D9-77CA38387375}.Release|Any CPU.Build.0 = Release|Any CPU
		{AFE6E00C-E71E-42E4-8D8F-E008112CD51F}.Debug|Any CPU.ActiveCfg = Debug|Any CPU
		{AFE6E00C-E71E-42E4-8D8F-E008112CD51F}.Debug|Any CPU.Build.0 = Debug|Any CPU
		{AFE6E00C-E71E-42E4-8D8F-E008112CD51F}.Release|Any CPU.ActiveCfg = Release|Any CPU
		{AFE6E00C-E71E-42E4-8D8F-E008112CD51F}.Release|Any CPU.Build.0 = Release|Any CPU
		{F66D5914-542B-45DE-9310-7B0162DD2FEA}.Debug|Any CPU.ActiveCfg = Debug|Any CPU
		{F66D5914-542B-45DE-9310-7B0162DD2FEA}.Debug|Any CPU.Build.0 = Debug|Any CPU
		{F66D5914-542B-45DE-9310-7B0162DD2FEA}.Release|Any CPU.ActiveCfg = Release|Any CPU
		{F66D5914-542B-45DE-9310-7B0162DD2FEA}.Release|Any CPU.Build.0 = Release|Any CPU
		{7FE8DE4C-1DC4-44F9-A403-6D5C81FB7E5D}.Debug|Any CPU.ActiveCfg = Debug|Any CPU
		{7FE8DE4C-1DC4-44F9-A403-6D5C81FB7E5D}.Debug|Any CPU.Build.0 = Debug|Any CPU
		{7FE8DE4C-1DC4-44F9-A403-6D5C81FB7E5D}.Release|Any CPU.ActiveCfg = Release|Any CPU
		{7FE8DE4C-1DC4-44F9-A403-6D5C81FB7E5D}.Release|Any CPU.Build.0 = Release|Any CPU
		{43BCB7ED-B312-464D-A161-9BD844D34463}.Debug|Any CPU.ActiveCfg = Debug|Any CPU
		{43BCB7ED-B312-464D-A161-9BD844D34463}.Debug|Any CPU.Build.0 = Debug|Any CPU
		{43BCB7ED-B312-464D-A161-9BD844D34463}.Release|Any CPU.ActiveCfg = Release|Any CPU
		{43BCB7ED-B312-464D-A161-9BD844D34463}.Release|Any CPU.Build.0 = Release|Any CPU
	EndGlobalSection
	GlobalSection(SolutionProperties) = preSolution
		HideSolutionNode = FALSE
	EndGlobalSection
EndGlobal
