
Microsoft Visual Studio Solution File, Format Version 11.00
# Visual Studio 2010
Project("{FAE04EC0-301F-11D3-BF4B-00C04F79EFBC}") = "MonthlyScrapeAndWriteKizoom", "MonthlyScrapeAndWriteKizoom\MonthlyScrapeAndWriteKizoom.csproj", "{E60E2F69-9950-4870-8007-26DB0C724CAC}"
EndProject
Global
	GlobalSection(TeamFoundationVersionControl) = preSolution
		SccNumberOfProjects = 2
		SccEnterpriseProvider = {4CA58AB2-18FA-4F8D-95D4-32DDF27D184C}
		SccTeamFoundationServer = http://devtfs:8080/tfs/tdportalprojects
		SccLocalPath0 = .
		SccProjectUniqueName1 = MonthlyScrapeAndWriteKizoom\\MonthlyScrapeAndWriteKizoom.csproj
		SccProjectName1 = MonthlyScrapeAndWriteKizoom
		SccLocalPath1 = MonthlyScrapeAndWriteKizoom
	EndGlobalSection
	GlobalSection(SolutionConfigurationPlatforms) = preSolution
		Debug|Any CPU = Debug|Any CPU
		Release|Any CPU = Release|Any CPU
	EndGlobalSection
	GlobalSection(ProjectConfigurationPlatforms) = postSolution
		{E60E2F69-9950-4870-8007-26DB0C724CAC}.Debug|Any CPU.ActiveCfg = Debug|Any CPU
		{E60E2F69-9950-4870-8007-26DB0C724CAC}.Debug|Any CPU.Build.0 = Debug|Any CPU
		{E60E2F69-9950-4870-8007-26DB0C724CAC}.Release|Any CPU.ActiveCfg = Release|Any CPU
		{E60E2F69-9950-4870-8007-26DB0C724CAC}.Release|Any CPU.Build.0 = Release|Any CPU
	EndGlobalSection
	GlobalSection(SolutionProperties) = preSolution
		HideSolutionNode = FALSE
	EndGlobalSection
EndGlobal
