
Microsoft Visual Studio Solution File, Format Version 11.00
# Visual Studio 2010
Project("{FAE04EC0-301F-11D3-BF4B-00C04F79EFBC}") = "HttpRequestValidator", "HttpRequestValidator\HttpRequestValidator.csproj", "{CF1AA814-AA4E-4843-8420-CC15038517E2}"
EndProject
Project("{FAE04EC0-301F-11D3-BF4B-00C04F79EFBC}") = "HttpRequestValidatorUI", "HttpRequestValidatorUI\HttpRequestValidatorUI.csproj", "{03229039-F90A-474C-8566-55E8C6797EA7}"
EndProject
Project("{FAE04EC0-301F-11D3-BF4B-00C04F79EFBC}") = "HttpRequestValidatorCommon", "HttpRequestValidatorCommon\HttpRequestValidatorCommon.csproj", "{12C7FDFC-5D37-42A0-A529-C628A01831E2}"
EndProject
Project("{54435603-DBB4-11D2-8724-00A0C9A8B90C}") = "HttpRequestValidatorSetup", "HttpRequestValidatorSetup\HttpRequestValidatorSetup.vdproj", "{88D1FA99-E1D7-4848-9646-FD757588B52A}"
EndProject
Project("{FAE04EC0-301F-11D3-BF4B-00C04F79EFBC}") = "HttpRequestValidatorSetupHelper", "HttpRequestValidatorSetupHelper\HttpRequestValidatorSetupHelper.csproj", "{E6A22A28-04E2-4C14-998C-A58C4820D432}"
EndProject
Global
	GlobalSection(TeamFoundationVersionControl) = preSolution
		SccNumberOfProjects = 6
		SccEnterpriseProvider = {4CA58AB2-18FA-4F8D-95D4-32DDF27D184C}
		SccTeamFoundationServer = http://devtfs:8080/tfs/tdportalprojects
		SccLocalPath0 = .
		SccProjectUniqueName1 = HttpRequestValidator\\HttpRequestValidator.csproj
		SccProjectName1 = HttpRequestValidator
		SccLocalPath1 = HttpRequestValidator
		SccProjectUniqueName2 = HttpRequestValidatorUI\\HttpRequestValidatorUI.csproj
		SccProjectName2 = HttpRequestValidatorUI
		SccLocalPath2 = HttpRequestValidatorUI
		SccProjectUniqueName3 = HttpRequestValidatorCommon\\HttpRequestValidatorCommon.csproj
		SccProjectName3 = HttpRequestValidatorCommon
		SccLocalPath3 = HttpRequestValidatorCommon
		SccProjectUniqueName4 = HttpRequestValidatorSetup\\HttpRequestValidatorSetup.vdproj
		SccProjectName4 = HttpRequestValidatorSetup
		SccLocalPath4 = HttpRequestValidatorSetup
		SccProjectUniqueName5 = HttpRequestValidatorSetupHelper\\HttpRequestValidatorSetupHelper.csproj
		SccProjectName5 = HttpRequestValidatorSetupHelper
		SccLocalPath5 = HttpRequestValidatorSetupHelper
	EndGlobalSection
	GlobalSection(SolutionConfigurationPlatforms) = preSolution
		Debug|Any CPU = Debug|Any CPU
		Debug|x64 = Debug|x64
		Release|Any CPU = Release|Any CPU
		Release|x64 = Release|x64
	EndGlobalSection
	GlobalSection(ProjectConfigurationPlatforms) = postSolution
		{CF1AA814-AA4E-4843-8420-CC15038517E2}.Debug|Any CPU.ActiveCfg = Debug|Any CPU
		{CF1AA814-AA4E-4843-8420-CC15038517E2}.Debug|Any CPU.Build.0 = Debug|Any CPU
		{CF1AA814-AA4E-4843-8420-CC15038517E2}.Debug|x64.ActiveCfg = Debug|x64
		{CF1AA814-AA4E-4843-8420-CC15038517E2}.Debug|x64.Build.0 = Debug|x64
		{CF1AA814-AA4E-4843-8420-CC15038517E2}.Release|Any CPU.ActiveCfg = Release|Any CPU
		{CF1AA814-AA4E-4843-8420-CC15038517E2}.Release|Any CPU.Build.0 = Release|Any CPU
		{CF1AA814-AA4E-4843-8420-CC15038517E2}.Release|x64.ActiveCfg = Release|x64
		{CF1AA814-AA4E-4843-8420-CC15038517E2}.Release|x64.Build.0 = Release|x64
		{03229039-F90A-474C-8566-55E8C6797EA7}.Debug|Any CPU.ActiveCfg = Debug|Any CPU
		{03229039-F90A-474C-8566-55E8C6797EA7}.Debug|Any CPU.Build.0 = Debug|Any CPU
		{03229039-F90A-474C-8566-55E8C6797EA7}.Debug|x64.ActiveCfg = Debug|x64
		{03229039-F90A-474C-8566-55E8C6797EA7}.Debug|x64.Build.0 = Debug|x64
		{03229039-F90A-474C-8566-55E8C6797EA7}.Release|Any CPU.ActiveCfg = Release|Any CPU
		{03229039-F90A-474C-8566-55E8C6797EA7}.Release|Any CPU.Build.0 = Release|Any CPU
		{03229039-F90A-474C-8566-55E8C6797EA7}.Release|x64.ActiveCfg = Release|x64
		{03229039-F90A-474C-8566-55E8C6797EA7}.Release|x64.Build.0 = Release|x64
		{12C7FDFC-5D37-42A0-A529-C628A01831E2}.Debug|Any CPU.ActiveCfg = Debug|Any CPU
		{12C7FDFC-5D37-42A0-A529-C628A01831E2}.Debug|Any CPU.Build.0 = Debug|Any CPU
		{12C7FDFC-5D37-42A0-A529-C628A01831E2}.Debug|x64.ActiveCfg = Debug|x64
		{12C7FDFC-5D37-42A0-A529-C628A01831E2}.Debug|x64.Build.0 = Debug|x64
		{12C7FDFC-5D37-42A0-A529-C628A01831E2}.Release|Any CPU.ActiveCfg = Release|Any CPU
		{12C7FDFC-5D37-42A0-A529-C628A01831E2}.Release|Any CPU.Build.0 = Release|Any CPU
		{12C7FDFC-5D37-42A0-A529-C628A01831E2}.Release|x64.ActiveCfg = Release|x64
		{12C7FDFC-5D37-42A0-A529-C628A01831E2}.Release|x64.Build.0 = Release|x64
		{88D1FA99-E1D7-4848-9646-FD757588B52A}.Debug|Any CPU.ActiveCfg = Debug
		{88D1FA99-E1D7-4848-9646-FD757588B52A}.Debug|Any CPU.Build.0 = Debug
		{88D1FA99-E1D7-4848-9646-FD757588B52A}.Debug|x64.ActiveCfg = Debug
		{88D1FA99-E1D7-4848-9646-FD757588B52A}.Debug|x64.Build.0 = Debug
		{88D1FA99-E1D7-4848-9646-FD757588B52A}.Release|Any CPU.ActiveCfg = Release
		{88D1FA99-E1D7-4848-9646-FD757588B52A}.Release|Any CPU.Build.0 = Release
		{88D1FA99-E1D7-4848-9646-FD757588B52A}.Release|x64.ActiveCfg = Release
		{88D1FA99-E1D7-4848-9646-FD757588B52A}.Release|x64.Build.0 = Release
		{E6A22A28-04E2-4C14-998C-A58C4820D432}.Debug|Any CPU.ActiveCfg = Debug|Any CPU
		{E6A22A28-04E2-4C14-998C-A58C4820D432}.Debug|Any CPU.Build.0 = Debug|Any CPU
		{E6A22A28-04E2-4C14-998C-A58C4820D432}.Debug|x64.ActiveCfg = Debug|x64
		{E6A22A28-04E2-4C14-998C-A58C4820D432}.Debug|x64.Build.0 = Debug|x64
		{E6A22A28-04E2-4C14-998C-A58C4820D432}.Release|Any CPU.ActiveCfg = Release|Any CPU
		{E6A22A28-04E2-4C14-998C-A58C4820D432}.Release|Any CPU.Build.0 = Release|Any CPU
		{E6A22A28-04E2-4C14-998C-A58C4820D432}.Release|x64.ActiveCfg = Release|x64
		{E6A22A28-04E2-4C14-998C-A58C4820D432}.Release|x64.Build.0 = Release|x64
	EndGlobalSection
	GlobalSection(SolutionProperties) = preSolution
		HideSolutionNode = FALSE
	EndGlobalSection
EndGlobal
