
Microsoft Visual Studio Solution File, Format Version 11.00
# Visual Studio 2010
Project("{FAE04EC0-301F-11D3-BF4B-00C04F79EFBC}") = "WriteKizoomToReportingDB", "WriteKizoomToReportingDB\WriteKizoomToReportingDB.csproj", "{FBED85D3-3470-4353-B500-6E9A4100E8C8}"
EndProject
Global
	GlobalSection(TeamFoundationVersionControl) = preSolution
		SccNumberOfProjects = 2
		SccEnterpriseProvider = {4CA58AB2-18FA-4F8D-95D4-32DDF27D184C}
		SccTeamFoundationServer = http://devtfs:8080/tfs/tdportalprojects
		SccLocalPath0 = .
		SccProjectUniqueName1 = WriteKizoomToReportingDB\\WriteKizoomToReportingDB.csproj
		SccProjectName1 = WriteKizoomToReportingDB
		SccLocalPath1 = WriteKizoomToReportingDB
	EndGlobalSection
	GlobalSection(SolutionConfigurationPlatforms) = preSolution
		Debug|Any CPU = Debug|Any CPU
		Release|Any CPU = Release|Any CPU
	EndGlobalSection
	GlobalSection(ProjectConfigurationPlatforms) = postSolution
		{FBED85D3-3470-4353-B500-6E9A4100E8C8}.Debug|Any CPU.ActiveCfg = Debug|Any CPU
		{FBED85D3-3470-4353-B500-6E9A4100E8C8}.Debug|Any CPU.Build.0 = Debug|Any CPU
		{FBED85D3-3470-4353-B500-6E9A4100E8C8}.Release|Any CPU.ActiveCfg = Release|Any CPU
		{FBED85D3-3470-4353-B500-6E9A4100E8C8}.Release|Any CPU.Build.0 = Release|Any CPU
	EndGlobalSection
	GlobalSection(SolutionProperties) = preSolution
		HideSolutionNode = FALSE
	EndGlobalSection
EndGlobal
