
Microsoft Visual Studio Solution File, Format Version 11.00
# Visual Studio 2010
Project("{2150E333-8FDC-42A3-9474-1A3956D46DE8}") = "DataBases", "DataBases", "{71E00B3B-28A2-4936-A820-A75EEF0D1ACC}"
EndProject
Project("{FAE04EC0-301F-11D3-BF4B-00C04F79EFBC}") = "DatabaseInfrastructure", "DatabaseInfrastructure\DatabaseInfrastructure.csproj", "{ECA839BB-B752-49F6-9D60-69F20CC5BBA4}"
EndProject
Project("{FAE04EC0-301F-11D3-BF4B-00C04F79EFBC}") = "PropertyManager", "PropertyManager\PropertyManager.csproj", "{E3CBE746-9620-4433-9D53-6C334C9BBB7E}"
EndProject
Project("{FAE04EC0-301F-11D3-BF4B-00C04F79EFBC}") = "Common", "Common\Common.csproj", "{2EF9DD6E-4BA7-46BF-84CB-7509A5099F44}"
EndProject
Project("{FAE04EC0-301F-11D3-BF4B-00C04F79EFBC}") = "EventLogging", "EventLogging\EventLogging.csproj", "{4AED788E-EA9A-4C3F-BB8D-07A7F1FBE8AA}"
EndProject
Project("{FAE04EC0-301F-11D3-BF4B-00C04F79EFBC}") = "PropertyProviders", "PropertyProviders\PropertyProviders.csproj", "{14ED9C55-9007-4689-8142-83B80CDCF6A9}"
EndProject
Project("{FAE04EC0-301F-11D3-BF4B-00C04F79EFBC}") = "Extenders", "Extenders\Extenders.csproj", "{F82632FB-A7EB-4121-B4C9-338450D024AF}"
EndProject
Project("{FAE04EC0-301F-11D3-BF4B-00C04F79EFBC}") = "ServiceDiscovery", "ServiceDiscovery\ServiceDiscovery.csproj", "{81877B7C-61F6-46C5-B212-861065CD538F}"
EndProject
Project("{2150E333-8FDC-42A3-9474-1A3956D46DE8}") = "Solution Items", "Solution Items", "{EA687F78-B075-43F9-84F4-E685CE67215A}"
	ProjectSection(SolutionItems) = preProject
		Local.testsettings = Local.testsettings
		TDP.vsmdi = TDP.vsmdi
		TraceAndTestImpact.testsettings = TraceAndTestImpact.testsettings
	EndProjectSection
EndProject
Project("{FAE04EC0-301F-11D3-BF4B-00C04F79EFBC}") = "TestProject", "TestProject\TestProject.csproj", "{8F70D1C0-9DAD-4857-B26C-AEE5ECC8E867}"
EndProject
Project("{FAE04EC0-301F-11D3-BF4B-00C04F79EFBC}") = "LocationService", "LocationService\LocationService.csproj", "{D6BCFB92-FFF1-4BE9-9B95-8A7063258597}"
EndProject
Project("{FAE04EC0-301F-11D3-BF4B-00C04F79EFBC}") = "LocationJsGenerator", "LocationJsGenerator\LocationJsGenerator.csproj", "{1807A189-3F0B-449E-A8B9-6DD81BB379F6}"
EndProject
Project("{FAE04EC0-301F-11D3-BF4B-00C04F79EFBC}") = "TDPWeb", "TDPWeb\TDPWeb.csproj", "{F0ED93C9-BC53-4EFB-BCF2-371C51D57523}"
EndProject
Project("{FAE04EC0-301F-11D3-BF4B-00C04F79EFBC}") = "Initialisation", "Initialisation\Initialisation.csproj", "{9CE678F8-33FE-4822-A596-4C3FA802C64F}"
EndProject
Project("{C8D11400-126E-41CD-887F-60BD40844F9E}") = "TDPServerDatabase", "DataBases\TDPServerDatabase\TDPServerDatabase.dbproj", "{A3A80826-066D-4519-9D2A-C00E01243E6E}"
EndProject
Project("{FAE04EC0-301F-11D3-BF4B-00C04F79EFBC}") = "SessionManager", "SessionManager\SessionManager.csproj", "{0E99A5BE-AAB2-4E72-80D9-D1A657553922}"
EndProject
Project("{FAE04EC0-301F-11D3-BF4B-00C04F79EFBC}") = "ResourceManager", "ResourceManager\ResourceManager.csproj", "{2E16E3F2-5AE8-450E-9953-177FAB41554C}"
EndProject
Project("{FAE04EC0-301F-11D3-BF4B-00C04F79EFBC}") = "StateServer", "StateServer\StateServer.csproj", "{55A13C46-7CAD-4084-BB1E-47C4ECACCDB7}"
EndProject
Project("{FAE04EC0-301F-11D3-BF4B-00C04F79EFBC}") = "ScreenFlow", "ScreenFlow\ScreenFlow.csproj", "{4D570070-A1E5-434B-81AA-CEA52294DA59}"
EndProject
Project("{FAE04EC0-301F-11D3-BF4B-00C04F79EFBC}") = "Retail", "Retail\Retail.csproj", "{5A992265-3A04-422C-872E-2C66A55A0D86}"
EndProject
Project("{FAE04EC0-301F-11D3-BF4B-00C04F79EFBC}") = "JourneyControl", "JourneyControl\JourneyControl.csproj", "{3A2EB34A-A197-4426-AC2A-2CA4FDC38610}"
EndProject
Project("{FAE04EC0-301F-11D3-BF4B-00C04F79EFBC}") = "CyclePlannerService", "CyclePlannerService\CyclePlannerService.csproj", "{5B98B72A-C603-4F55-9ACD-34B606AF2107}"
EndProject
Project("{FAE04EC0-301F-11D3-BF4B-00C04F79EFBC}") = "CoordinateConvertorProvider", "CoordinateConvertorProvider\CoordinateConvertorProvider.csproj", "{C648ACE3-40CC-41FE-9B52-0ACF9C3BE5BC}"
EndProject
Project("{FAE04EC0-301F-11D3-BF4B-00C04F79EFBC}") = "JourneyPlanRunner", "JourneyPlanRunner\JourneyPlanRunner.csproj", "{5F677F32-02CA-4462-A99E-162FD5266F18}"
EndProject
Project("{FAE04EC0-301F-11D3-BF4B-00C04F79EFBC}") = "DataServices", "DataServices\DataServices.csproj", "{348204EC-DDF7-4735-8DA0-341F206CCCD9}"
EndProject
Project("{2150E333-8FDC-42A3-9474-1A3956D46DE8}") = "CommandAndControl", "CommandAndControl", "{CBE60C81-9B98-4D58-A5C8-8C825786AAB2}"
EndProject
Project("{FAE04EC0-301F-11D3-BF4B-00C04F79EFBC}") = "CommandAndControlAgentService", "CommandAndControl\CommandAndControlAgentService\CommandAndControlAgentService.csproj", "{6E4B9146-D44D-47B0-A9CA-82381D7E44E6}"
EndProject
Project("{2150E333-8FDC-42A3-9474-1A3956D46DE8}") = "BatchFiles", "BatchFiles", "{3FABC032-056D-46DD-A89D-C496B8FC3596}"
	ProjectSection(SolutionItems) = preProject
		CommandAndControl\BatchFiles\DeploymentScripts\Backup_WU_or_DG_Server_Files.bat = CommandAndControl\BatchFiles\DeploymentScripts\Backup_WU_or_DG_Server_Files.bat
		CommandAndControl\BatchFiles\BackupAllDBsOverwritePreviousSets.sql = CommandAndControl\BatchFiles\BackupAllDBsOverwritePreviousSets.sql
		CommandAndControl\BatchFiles\DeleteOldFiles.vbs = CommandAndControl\BatchFiles\DeleteOldFiles.vbs
		CommandAndControl\BatchFiles\GetDBVersions.sql = CommandAndControl\BatchFiles\GetDBVersions.sql
		CommandAndControl\BatchFiles\RestoreDBsAndRemapAppUser_MIS.sql = CommandAndControl\BatchFiles\RestoreDBsAndRemapAppUser_MIS.sql
		CommandAndControl\BatchFiles\SetupScheduledTasks.bat = CommandAndControl\BatchFiles\SetupScheduledTasks.bat
	EndProjectSection
EndProject
Project("{2150E333-8FDC-42A3-9474-1A3956D46DE8}") = "ScheduledTasks", "ScheduledTasks", "{5E3130AD-56FE-4936-B21D-DFF70EF48960}"
	ProjectSection(SolutionItems) = preProject
		CommandAndControl\BatchFiles\ScheduledTasks\HousekeepOldFiles-D-info-logs-LogFiles-W3SVC1-Archive_90days.xml = CommandAndControl\BatchFiles\ScheduledTasks\HousekeepOldFiles-D-info-logs-LogFiles-W3SVC1-Archive_90days.xml
		CommandAndControl\BatchFiles\ScheduledTasks\HousekeepOldFiles-D-SJP_90days.xml = CommandAndControl\BatchFiles\ScheduledTasks\HousekeepOldFiles-D-SJP_90days.xml
		CommandAndControl\BatchFiles\ScheduledTasks\HousekeepOldFiles-D-TDPortal_90days.xml = CommandAndControl\BatchFiles\ScheduledTasks\HousekeepOldFiles-D-TDPortal_90days.xml
		CommandAndControl\BatchFiles\ScheduledTasks\HousekeepOldFiles-D-TransportDirect-Logs_90days.xml = CommandAndControl\BatchFiles\ScheduledTasks\HousekeepOldFiles-D-TransportDirect-Logs_90days.xml
	EndProjectSection
EndProject
Project("{FAE04EC0-301F-11D3-BF4B-00C04F79EFBC}") = "HashGenerator", "CommandAndControl\HashGenerator\HashGenerator.csproj", "{66D44518-5380-4621-AA03-E95DBC0FD17E}"
EndProject
Project("{FAE04EC0-301F-11D3-BF4B-00C04F79EFBC}") = "HashValidator", "CommandAndControl\HashValidator\HashValidator.csproj", "{E77D2C1D-4109-4DE2-A975-D16CD8CFE321}"
EndProject
Project("{FAE04EC0-301F-11D3-BF4B-00C04F79EFBC}") = "ChecksumUtils", "CommandAndControl\ChecksumUtils\ChecksumUtils.csproj", "{A44D6C6D-4331-4D1B-BB59-7CB532A0C4AD}"
EndProject
Project("{FAE04EC0-301F-11D3-BF4B-00C04F79EFBC}") = "Dashboard", "CommandAndControl\Dashboard\Dashboard.csproj", "{FF72ADBF-A2A2-4DF5-8C0B-2C76A9E43702}"
EndProject
Project("{C8D11400-126E-41CD-887F-60BD40844F9E}") = "CommandAndControl", "DataBases\CommandAndControl\CommandAndControl.dbproj", "{4C44C586-793D-40FE-8758-ED302EC3A4AB}"
EndProject
Project("{2150E333-8FDC-42A3-9474-1A3956D46DE8}") = "Reporting", "Reporting", "{D32F4122-8FE7-4B4F-AE00-5F65150BA82F}"
EndProject
Project("{FAE04EC0-301F-11D3-BF4B-00C04F79EFBC}") = "Events", "Reporting\Events\Events.csproj", "{280E29DE-E83B-4F66-A06C-EAACF5CFA35F}"
EndProject
Project("{FAE04EC0-301F-11D3-BF4B-00C04F79EFBC}") = "EventPublishers", "Reporting\EventPublishers\EventPublishers.csproj", "{39AF0D89-8315-4E6A-8287-A21CBC9C4CD6}"
EndProject
Project("{C8D11400-126E-41CD-887F-60BD40844F9E}") = "TDPReportStaging", "DataBases\TDPReportStaging\TDPReportStaging.dbproj", "{8B02E288-C53A-42AB-A1AD-A442B0D0E0D9}"
EndProject
Project("{FAE04EC0-301F-11D3-BF4B-00C04F79EFBC}") = "EventReceiver", "Reporting\EventReceiver\EventReceiver.csproj", "{A501AEFB-6BA7-47AC-8384-C2BD54C66B5F}"
EndProject
Project("{FAE04EC0-301F-11D3-BF4B-00C04F79EFBC}") = "DataImporters", "DataImporters\DataImporters.csproj", "{0B4A45BB-262C-4E18-830A-0EA8B6B58FB9}"
EndProject
Project("{FAE04EC0-301F-11D3-BF4B-00C04F79EFBC}") = "TravelNews", "TravelNews\TravelNews.csproj", "{BC7DF30A-3F39-402E-9B06-C9AE1E0537F4}"
EndProject
Project("{FAE04EC0-301F-11D3-BF4B-00C04F79EFBC}") = "CommonWeb", "CommonWeb\CommonWeb.csproj", "{D1182D81-3E17-441B-82E7-97AEBF9B8879}"
EndProject
Project("{FAE04EC0-301F-11D3-BF4B-00C04F79EFBC}") = "TDPMobile", "TDPMobile\TDPMobile.csproj", "{6C250826-A52A-4B4D-97CF-070D4E91C29F}"
EndProject
Project("{FAE04EC0-301F-11D3-BF4B-00C04F79EFBC}") = "DataLoader", "DataLoader\DataLoader.csproj", "{D8B84EA1-5BF1-4B8F-B1C6-39269F0A4751}"
EndProject
Project("{FAE04EC0-301F-11D3-BF4B-00C04F79EFBC}") = "UndergroundNews", "UndergroundNews\UndergroundNews.csproj", "{F6557D20-5328-48AB-BB0B-428A56E1AC6E}"
EndProject
Project("{FAE04EC0-301F-11D3-BF4B-00C04F79EFBC}") = "VenueIncidents", "VenueIncidents\VenueIncidents.csproj", "{A74ACAF0-5C62-49F6-BAF2-C78595F1395F}"
EndProject
Project("{2150E333-8FDC-42A3-9474-1A3956D46DE8}") = "DeploymentScripts", "DeploymentScripts", "{E9E91555-7712-41F2-8275-CC80C2F002A6}"
	ProjectSection(SolutionItems) = preProject
		CommandAndControl\BatchFiles\DeploymentScripts\Backup_WU_or_DG_Server_Files.bat = CommandAndControl\BatchFiles\DeploymentScripts\Backup_WU_or_DG_Server_Files.bat
		CommandAndControl\BatchFiles\DeploymentScripts\Offline_WU.bat = CommandAndControl\BatchFiles\DeploymentScripts\Offline_WU.bat
		CommandAndControl\BatchFiles\DeploymentScripts\Online_WU.bat = CommandAndControl\BatchFiles\DeploymentScripts\Online_WU.bat
		CommandAndControl\BatchFiles\DeploymentScripts\RestartW3SVC_WU.bat = CommandAndControl\BatchFiles\DeploymentScripts\RestartW3SVC_WU.bat
		CommandAndControl\BatchFiles\DeploymentScripts\StartCJPServices_WU.bat = CommandAndControl\BatchFiles\DeploymentScripts\StartCJPServices_WU.bat
		CommandAndControl\BatchFiles\DeploymentScripts\StartERandCandCServices_WU.bat = CommandAndControl\BatchFiles\DeploymentScripts\StartERandCandCServices_WU.bat
		CommandAndControl\BatchFiles\DeploymentScripts\StopAndTakeOfflineToDeploy_WU.bat = CommandAndControl\BatchFiles\DeploymentScripts\StopAndTakeOfflineToDeploy_WU.bat
		CommandAndControl\BatchFiles\DeploymentScripts\StopCJPServices_WU.bat = CommandAndControl\BatchFiles\DeploymentScripts\StopCJPServices_WU.bat
		CommandAndControl\BatchFiles\DeploymentScripts\StopERandCandCServices_WU.bat = CommandAndControl\BatchFiles\DeploymentScripts\StopERandCandCServices_WU.bat
	EndProjectSection
EndProject
Project("{2150E333-8FDC-42A3-9474-1A3956D46DE8}") = "ReplicationScripts", "ReplicationScripts", "{39265C3C-2686-4F48-A18B-C9C5F1FA321D}"
EndProject
Project("{2150E333-8FDC-42A3-9474-1A3956D46DE8}") = "InitialSetup", "InitialSetup", "{14D5461C-7451-4E37-8546-F7815F4842B5}"
	ProjectSection(SolutionItems) = preProject
		CommandAndControl\BatchFiles\ReplicationScripts\InitialSetup\AddReplicationUser.sql = CommandAndControl\BatchFiles\ReplicationScripts\InitialSetup\AddReplicationUser.sql
		CommandAndControl\BatchFiles\ReplicationScripts\InitialSetup\AlterAuthorizations.sql = CommandAndControl\BatchFiles\ReplicationScripts\InitialSetup\AlterAuthorizations.sql
		CommandAndControl\BatchFiles\ReplicationScripts\InitialSetup\ConfigureDistributionNLE.sql = CommandAndControl\BatchFiles\ReplicationScripts\InitialSetup\ConfigureDistributionNLE.sql
		CommandAndControl\BatchFiles\ReplicationScripts\InitialSetup\ConfigureDistributionProd.sql = CommandAndControl\BatchFiles\ReplicationScripts\InitialSetup\ConfigureDistributionProd.sql
	EndProjectSection
EndProject
Project("{2150E333-8FDC-42A3-9474-1A3956D46DE8}") = "Publications", "Publications", "{5D7B0F27-DC04-4E08-94C8-9E93907DA804}"
	ProjectSection(SolutionItems) = preProject
		CommandAndControl\BatchFiles\ReplicationScripts\Publications\CreateAllPublications.bat = CommandAndControl\BatchFiles\ReplicationScripts\Publications\CreateAllPublications.bat
		CommandAndControl\BatchFiles\ReplicationScripts\Publications\DropAllPublications.bat = CommandAndControl\BatchFiles\ReplicationScripts\Publications\DropAllPublications.bat
	EndProjectSection
EndProject
Project("{2150E333-8FDC-42A3-9474-1A3956D46DE8}") = "Create", "Create", "{A41E99C6-9215-4680-ADBC-6F05859ADD80}"
	ProjectSection(SolutionItems) = preProject
		CommandAndControl\BatchFiles\ReplicationScripts\Publications\Create\CreateAirInterchangeSnapshotPublication.sql = CommandAndControl\BatchFiles\ReplicationScripts\Publications\Create\CreateAirInterchangeSnapshotPublication.sql
		CommandAndControl\BatchFiles\ReplicationScripts\Publications\Create\CreateCP_RoutingSnapshotPublication.sql = CommandAndControl\BatchFiles\ReplicationScripts\Publications\Create\CreateCP_RoutingSnapshotPublication.sql
		CommandAndControl\BatchFiles\ReplicationScripts\Publications\Create\CreateNPTGSnapshotPublication.sql = CommandAndControl\BatchFiles\ReplicationScripts\Publications\Create\CreateNPTGSnapshotPublication.sql
		CommandAndControl\BatchFiles\ReplicationScripts\Publications\Create\CreateRoutingSnapshotPublication.sql = CommandAndControl\BatchFiles\ReplicationScripts\Publications\Create\CreateRoutingSnapshotPublication.sql
		CommandAndControl\BatchFiles\ReplicationScripts\Publications\Create\CreateSJPConfigurationTransactionalPublication.sql = CommandAndControl\BatchFiles\ReplicationScripts\Publications\Create\CreateSJPConfigurationTransactionalPublication.sql
		CommandAndControl\BatchFiles\ReplicationScripts\Publications\Create\CreateSJPContentTransactionalPublication.sql = CommandAndControl\BatchFiles\ReplicationScripts\Publications\Create\CreateSJPContentTransactionalPublication.sql
		CommandAndControl\BatchFiles\ReplicationScripts\Publications\Create\CreateSJPGazetteerTransactionalPublication.sql = CommandAndControl\BatchFiles\ReplicationScripts\Publications\Create\CreateSJPGazetteerTransactionalPublication.sql
		CommandAndControl\BatchFiles\ReplicationScripts\Publications\Create\CreateSJPReportStagingTransactionalPublication.sql = CommandAndControl\BatchFiles\ReplicationScripts\Publications\Create\CreateSJPReportStagingTransactionalPublication.sql
		CommandAndControl\BatchFiles\ReplicationScripts\Publications\Create\CreateSJPTransientPortalTransactionalPublication.sql = CommandAndControl\BatchFiles\ReplicationScripts\Publications\Create\CreateSJPTransientPortalTransactionalPublication.sql
	EndProjectSection
EndProject
Project("{2150E333-8FDC-42A3-9474-1A3956D46DE8}") = "Drop", "Drop", "{60B15D4E-2F66-4EFA-B382-C77E81B92069}"
	ProjectSection(SolutionItems) = preProject
		CommandAndControl\BatchFiles\ReplicationScripts\Publications\Drop\DropAllPublications.sql = CommandAndControl\BatchFiles\ReplicationScripts\Publications\Drop\DropAllPublications.sql
	EndProjectSection
EndProject
Project("{2150E333-8FDC-42A3-9474-1A3956D46DE8}") = "Subscriptions", "Subscriptions", "{7F6F83FC-7772-4F8A-B71D-3A6600D3E5FB}"
	ProjectSection(SolutionItems) = preProject
		CommandAndControl\BatchFiles\ReplicationScripts\Subscriptions\CreateAllSubscriptions.bat = CommandAndControl\BatchFiles\ReplicationScripts\Subscriptions\CreateAllSubscriptions.bat
		CommandAndControl\BatchFiles\ReplicationScripts\Subscriptions\CreateSJPReportStagingSubscription_MisSvr.bat = CommandAndControl\BatchFiles\ReplicationScripts\Subscriptions\CreateSJPReportStagingSubscription_MisSvr.bat
		CommandAndControl\BatchFiles\ReplicationScripts\Subscriptions\CreateSubscriptions_WU.bat = CommandAndControl\BatchFiles\ReplicationScripts\Subscriptions\CreateSubscriptions_WU.bat
		CommandAndControl\BatchFiles\ReplicationScripts\Subscriptions\DropAllSubscriptions.bat = CommandAndControl\BatchFiles\ReplicationScripts\Subscriptions\DropAllSubscriptions.bat
		CommandAndControl\BatchFiles\ReplicationScripts\Subscriptions\DropSubscriptions_WU.bat = CommandAndControl\BatchFiles\ReplicationScripts\Subscriptions\DropSubscriptions_WU.bat
	EndProjectSection
EndProject
Project("{2150E333-8FDC-42A3-9474-1A3956D46DE8}") = "Create", "Create", "{A5346E7E-A21A-4007-BB22-0F9FC444EB2D}"
	ProjectSection(SolutionItems) = preProject
		CommandAndControl\BatchFiles\ReplicationScripts\Subscriptions\Create\CreateAirInterchangeSubscriptions_WU.sql = CommandAndControl\BatchFiles\ReplicationScripts\Subscriptions\Create\CreateAirInterchangeSubscriptions_WU.sql
		CommandAndControl\BatchFiles\ReplicationScripts\Subscriptions\Create\CreateCPRoutingSubscriptions_WU.sql = CommandAndControl\BatchFiles\ReplicationScripts\Subscriptions\Create\CreateCPRoutingSubscriptions_WU.sql
		CommandAndControl\BatchFiles\ReplicationScripts\Subscriptions\Create\CreateNPTGSubscriptions_WU.sql = CommandAndControl\BatchFiles\ReplicationScripts\Subscriptions\Create\CreateNPTGSubscriptions_WU.sql
		CommandAndControl\BatchFiles\ReplicationScripts\Subscriptions\Create\CreateRoutingSubscriptions_WU.sql = CommandAndControl\BatchFiles\ReplicationScripts\Subscriptions\Create\CreateRoutingSubscriptions_WU.sql
		CommandAndControl\BatchFiles\ReplicationScripts\Subscriptions\Create\CreateSJPConfigurationSubscriptions_WU.sql = CommandAndControl\BatchFiles\ReplicationScripts\Subscriptions\Create\CreateSJPConfigurationSubscriptions_WU.sql
		CommandAndControl\BatchFiles\ReplicationScripts\Subscriptions\Create\CreateSJPContentSubscriptions_WU.sql = CommandAndControl\BatchFiles\ReplicationScripts\Subscriptions\Create\CreateSJPContentSubscriptions_WU.sql
		CommandAndControl\BatchFiles\ReplicationScripts\Subscriptions\Create\CreateSJPGazetteerSubscriptions_WU.sql = CommandAndControl\BatchFiles\ReplicationScripts\Subscriptions\Create\CreateSJPGazetteerSubscriptions_WU.sql
		CommandAndControl\BatchFiles\ReplicationScripts\Subscriptions\Create\CreateSJPReportStagingSubscription_Server.sql = CommandAndControl\BatchFiles\ReplicationScripts\Subscriptions\Create\CreateSJPReportStagingSubscription_Server.sql
		CommandAndControl\BatchFiles\ReplicationScripts\Subscriptions\Create\CreateSJPTransientPortalSubscriptions_WU.sql = CommandAndControl\BatchFiles\ReplicationScripts\Subscriptions\Create\CreateSJPTransientPortalSubscriptions_WU.sql
	EndProjectSection
EndProject
Project("{2150E333-8FDC-42A3-9474-1A3956D46DE8}") = "Drop", "Drop", "{8E0E8061-0A3F-48E1-941A-BDD736AB3C39}"
	ProjectSection(SolutionItems) = preProject
		CommandAndControl\BatchFiles\ReplicationScripts\Subscriptions\Drop\DropAllSubscriptions.sql = CommandAndControl\BatchFiles\ReplicationScripts\Subscriptions\Drop\DropAllSubscriptions.sql
	EndProjectSection
EndProject
Project("{FAE04EC0-301F-11D3-BF4B-00C04F79EFBC}") = "DepartureBoardService", "DepartureBoardService\DepartureBoardService.csproj", "{CF7B5093-3FED-483D-B695-079256225FC4}"
EndProject
Project("{FAE04EC0-301F-11D3-BF4B-00C04F79EFBC}") = "AdditionalDataModule", "AdditionalDataModule\AdditionalDataModule.csproj", "{FA4D7979-1E66-488B-9A49-0E44818A4373}"
EndProject
Global
	GlobalSection(TeamFoundationVersionControl) = preSolution
		SccNumberOfProjects = 43
		SccEnterpriseProvider = {4CA58AB2-18FA-4F8D-95D4-32DDF27D184C}
		SccTeamFoundationServer = http://devtfs:8080/tfs/tdportalprojects
		SccLocalPath0 = .
		SccProjectUniqueName1 = CommandAndControl\\ChecksumUtils\\ChecksumUtils.csproj
		SccProjectTopLevelParentUniqueName1 = TransportDirect2.sln
		SccProjectName1 = CommandAndControl/ChecksumUtils
		SccLocalPath1 = CommandAndControl\\ChecksumUtils
		SccProjectUniqueName2 = CommandAndControl\\CommandAndControlAgentService\\CommandAndControlAgentService.csproj
		SccProjectTopLevelParentUniqueName2 = TransportDirect2.sln
		SccProjectName2 = CommandAndControl/CommandAndControlAgentService
		SccLocalPath2 = CommandAndControl\\CommandAndControlAgentService
		SccProjectUniqueName3 = CommandAndControl\\Dashboard\\Dashboard.csproj
		SccProjectTopLevelParentUniqueName3 = TransportDirect2.sln
		SccProjectName3 = CommandAndControl/Dashboard
		SccLocalPath3 = CommandAndControl\\Dashboard
		SccProjectUniqueName4 = CommandAndControl\\HashGenerator\\HashGenerator.csproj
		SccProjectTopLevelParentUniqueName4 = TransportDirect2.sln
		SccProjectName4 = CommandAndControl/HashGenerator
		SccLocalPath4 = CommandAndControl\\HashGenerator
		SccProjectUniqueName5 = CommandAndControl\\HashValidator\\HashValidator.csproj
		SccProjectTopLevelParentUniqueName5 = TransportDirect2.sln
		SccProjectName5 = CommandAndControl/HashValidator
		SccLocalPath5 = CommandAndControl\\HashValidator
		SccProjectUniqueName6 = Common\\Common.csproj
		SccProjectName6 = Common
		SccLocalPath6 = Common
		SccProjectUniqueName7 = CommonWeb\\CommonWeb.csproj
		SccProjectName7 = CommonWeb
		SccLocalPath7 = CommonWeb
		SccProjectUniqueName8 = CoordinateConvertorProvider\\CoordinateConvertorProvider.csproj
		SccProjectName8 = CoordinateConvertorProvider
		SccLocalPath8 = CoordinateConvertorProvider
		SccProjectUniqueName9 = CyclePlannerService\\CyclePlannerService.csproj
		SccProjectName9 = CyclePlannerService
		SccLocalPath9 = CyclePlannerService
		SccProjectUniqueName10 = DatabaseInfrastructure\\DatabaseInfrastructure.csproj
		SccProjectName10 = DatabaseInfrastructure
		SccLocalPath10 = DatabaseInfrastructure
		SccProjectUniqueName11 = DataBases\\CommandAndControl\\CommandAndControl.dbproj
		SccProjectTopLevelParentUniqueName11 = TransportDirect2.sln
		SccProjectName11 = DataBases/CommandAndControl
		SccLocalPath11 = DataBases\\CommandAndControl
		SccProjectUniqueName12 = DataBases\\TDPReportStaging\\TDPReportStaging.dbproj
		SccProjectTopLevelParentUniqueName12 = TransportDirect2.sln
		SccProjectName12 = DataBases/TDPReportStaging
		SccLocalPath12 = DataBases\\TDPReportStaging
		SccProjectUniqueName13 = DataBases\\TDPServerDatabase\\TDPServerDatabase.dbproj
		SccProjectTopLevelParentUniqueName13 = TransportDirect2.sln
		SccProjectName13 = DataBases/TDPServerDatabase
		SccLocalPath13 = DataBases\\TDPServerDatabase
		SccProjectUniqueName14 = DataImporters\\DataImporters.csproj
		SccProjectName14 = DataImporters
		SccLocalPath14 = DataImporters
		SccProjectUniqueName15 = DataLoader\\DataLoader.csproj
		SccProjectName15 = DataLoader
		SccLocalPath15 = DataLoader
		SccProjectUniqueName16 = DataServices\\DataServices.csproj
		SccProjectName16 = DataServices
		SccLocalPath16 = DataServices
		SccProjectUniqueName17 = EventLogging\\EventLogging.csproj
		SccProjectName17 = EventLogging
		SccLocalPath17 = EventLogging
		SccProjectUniqueName18 = Extenders\\Extenders.csproj
		SccProjectName18 = Extenders
		SccLocalPath18 = Extenders
		SccProjectUniqueName19 = Initialisation\\Initialisation.csproj
		SccProjectName19 = Initialisation
		SccLocalPath19 = Initialisation
		SccProjectUniqueName20 = JourneyControl\\JourneyControl.csproj
		SccProjectName20 = JourneyControl
		SccLocalPath20 = JourneyControl
		SccProjectUniqueName21 = JourneyPlanRunner\\JourneyPlanRunner.csproj
		SccProjectName21 = JourneyPlanRunner
		SccLocalPath21 = JourneyPlanRunner
		SccProjectUniqueName22 = LocationJsGenerator\\LocationJsGenerator.csproj
		SccProjectName22 = LocationJsGenerator
		SccLocalPath22 = LocationJsGenerator
		SccProjectUniqueName23 = LocationService\\LocationService.csproj
		SccProjectName23 = LocationService
		SccLocalPath23 = LocationService
		SccProjectUniqueName24 = PropertyManager\\PropertyManager.csproj
		SccProjectName24 = PropertyManager
		SccLocalPath24 = PropertyManager
		SccProjectUniqueName25 = PropertyProviders\\PropertyProviders.csproj
		SccProjectName25 = PropertyProviders
		SccLocalPath25 = PropertyProviders
		SccProjectUniqueName26 = Reporting\\EventPublishers\\EventPublishers.csproj
		SccProjectTopLevelParentUniqueName26 = TransportDirect2.sln
		SccProjectName26 = Reporting/EventPublishers
		SccLocalPath26 = Reporting\\EventPublishers
		SccProjectUniqueName27 = Reporting\\EventReceiver\\EventReceiver.csproj
		SccProjectTopLevelParentUniqueName27 = TransportDirect2.sln
		SccProjectName27 = Reporting/EventReceiver
		SccLocalPath27 = Reporting\\EventReceiver
		SccProjectUniqueName28 = Reporting\\Events\\Events.csproj
		SccProjectTopLevelParentUniqueName28 = TransportDirect2.sln
		SccProjectName28 = Reporting/Events
		SccLocalPath28 = Reporting\\Events
		SccProjectUniqueName29 = ResourceManager\\ResourceManager.csproj
		SccProjectName29 = ResourceManager
		SccLocalPath29 = ResourceManager
		SccProjectUniqueName30 = Retail\\Retail.csproj
		SccProjectName30 = Retail
		SccLocalPath30 = Retail
		SccProjectUniqueName31 = ScreenFlow\\ScreenFlow.csproj
		SccProjectName31 = ScreenFlow
		SccLocalPath31 = ScreenFlow
		SccProjectUniqueName32 = ServiceDiscovery\\ServiceDiscovery.csproj
		SccProjectName32 = ServiceDiscovery
		SccLocalPath32 = ServiceDiscovery
		SccProjectUniqueName33 = SessionManager\\SessionManager.csproj
		SccProjectName33 = SessionManager
		SccLocalPath33 = SessionManager
		SccProjectUniqueName34 = StateServer\\StateServer.csproj
		SccProjectName34 = StateServer
		SccLocalPath34 = StateServer
		SccProjectUniqueName35 = TDPMobile\\TDPMobile.csproj
		SccProjectName35 = TDPMobile
		SccLocalPath35 = TDPMobile
		SccProjectUniqueName36 = TDPWeb\\TDPWeb.csproj
		SccProjectName36 = TDPWeb
		SccLocalPath36 = TDPWeb
		SccProjectUniqueName37 = TestProject\\TestProject.csproj
		SccProjectName37 = TestProject
		SccLocalPath37 = TestProject
		SccProjectUniqueName38 = TravelNews\\TravelNews.csproj
		SccProjectName38 = TravelNews
		SccLocalPath38 = TravelNews
		SccProjectUniqueName39 = UndergroundNews\\UndergroundNews.csproj
		SccProjectName39 = UndergroundNews
		SccLocalPath39 = UndergroundNews
		SccProjectUniqueName40 = VenueIncidents\\VenueIncidents.csproj
		SccProjectName40 = VenueIncidents
		SccLocalPath40 = VenueIncidents
		SccProjectUniqueName41 = DepartureBoardService\\DepartureBoardService.csproj
		SccProjectName41 = DepartureBoardService
		SccLocalPath41 = DepartureBoardService
		SccProjectUniqueName42 = AdditionalDataModule\\AdditionalDataModule.csproj
		SccProjectName42 = AdditionalDataModule
		SccLocalPath42 = AdditionalDataModule
	EndGlobalSection
	GlobalSection(TestCaseManagementSettings) = postSolution
		CategoryFile = TDP.vsmdi
	EndGlobalSection
	GlobalSection(SolutionConfigurationPlatforms) = preSolution
		Debug|Any CPU = Debug|Any CPU
		Debug|Mixed Platforms = Debug|Mixed Platforms
		Debug|x64 = Debug|x64
		Debug|x86 = Debug|x86
		Release|Any CPU = Release|Any CPU
		Release|Mixed Platforms = Release|Mixed Platforms
		Release|x64 = Release|x64
		Release|x86 = Release|x86
	EndGlobalSection
	GlobalSection(ProjectConfigurationPlatforms) = postSolution
		{ECA839BB-B752-49F6-9D60-69F20CC5BBA4}.Debug|Any CPU.ActiveCfg = Debug|Any CPU
		{ECA839BB-B752-49F6-9D60-69F20CC5BBA4}.Debug|Any CPU.Build.0 = Debug|Any CPU
		{ECA839BB-B752-49F6-9D60-69F20CC5BBA4}.Debug|Mixed Platforms.ActiveCfg = Debug|Any CPU
		{ECA839BB-B752-49F6-9D60-69F20CC5BBA4}.Debug|Mixed Platforms.Build.0 = Debug|Any CPU
		{ECA839BB-B752-49F6-9D60-69F20CC5BBA4}.Debug|x64.ActiveCfg = Debug|x64
		{ECA839BB-B752-49F6-9D60-69F20CC5BBA4}.Debug|x64.Build.0 = Debug|x64
		{ECA839BB-B752-49F6-9D60-69F20CC5BBA4}.Debug|x86.ActiveCfg = Debug|Any CPU
		{ECA839BB-B752-49F6-9D60-69F20CC5BBA4}.Release|Any CPU.ActiveCfg = Release|Any CPU
		{ECA839BB-B752-49F6-9D60-69F20CC5BBA4}.Release|Any CPU.Build.0 = Release|Any CPU
		{ECA839BB-B752-49F6-9D60-69F20CC5BBA4}.Release|Mixed Platforms.ActiveCfg = Release|Any CPU
		{ECA839BB-B752-49F6-9D60-69F20CC5BBA4}.Release|Mixed Platforms.Build.0 = Release|Any CPU
		{ECA839BB-B752-49F6-9D60-69F20CC5BBA4}.Release|x64.ActiveCfg = Release|x64
		{ECA839BB-B752-49F6-9D60-69F20CC5BBA4}.Release|x64.Build.0 = Release|x64
		{ECA839BB-B752-49F6-9D60-69F20CC5BBA4}.Release|x86.ActiveCfg = Release|Any CPU
		{E3CBE746-9620-4433-9D53-6C334C9BBB7E}.Debug|Any CPU.ActiveCfg = Debug|Any CPU
		{E3CBE746-9620-4433-9D53-6C334C9BBB7E}.Debug|Any CPU.Build.0 = Debug|Any CPU
		{E3CBE746-9620-4433-9D53-6C334C9BBB7E}.Debug|Mixed Platforms.ActiveCfg = Debug|Any CPU
		{E3CBE746-9620-4433-9D53-6C334C9BBB7E}.Debug|Mixed Platforms.Build.0 = Debug|Any CPU
		{E3CBE746-9620-4433-9D53-6C334C9BBB7E}.Debug|x64.ActiveCfg = Debug|x64
		{E3CBE746-9620-4433-9D53-6C334C9BBB7E}.Debug|x64.Build.0 = Debug|x64
		{E3CBE746-9620-4433-9D53-6C334C9BBB7E}.Debug|x86.ActiveCfg = Debug|Any CPU
		{E3CBE746-9620-4433-9D53-6C334C9BBB7E}.Release|Any CPU.ActiveCfg = Release|Any CPU
		{E3CBE746-9620-4433-9D53-6C334C9BBB7E}.Release|Any CPU.Build.0 = Release|Any CPU
		{E3CBE746-9620-4433-9D53-6C334C9BBB7E}.Release|Mixed Platforms.ActiveCfg = Release|Any CPU
		{E3CBE746-9620-4433-9D53-6C334C9BBB7E}.Release|Mixed Platforms.Build.0 = Release|Any CPU
		{E3CBE746-9620-4433-9D53-6C334C9BBB7E}.Release|x64.ActiveCfg = Release|x64
		{E3CBE746-9620-4433-9D53-6C334C9BBB7E}.Release|x64.Build.0 = Release|x64
		{E3CBE746-9620-4433-9D53-6C334C9BBB7E}.Release|x86.ActiveCfg = Release|Any CPU
		{2EF9DD6E-4BA7-46BF-84CB-7509A5099F44}.Debug|Any CPU.ActiveCfg = Debug|Any CPU
		{2EF9DD6E-4BA7-46BF-84CB-7509A5099F44}.Debug|Any CPU.Build.0 = Debug|Any CPU
		{2EF9DD6E-4BA7-46BF-84CB-7509A5099F44}.Debug|Mixed Platforms.ActiveCfg = Debug|Any CPU
		{2EF9DD6E-4BA7-46BF-84CB-7509A5099F44}.Debug|Mixed Platforms.Build.0 = Debug|Any CPU
		{2EF9DD6E-4BA7-46BF-84CB-7509A5099F44}.Debug|x64.ActiveCfg = Debug|x64
		{2EF9DD6E-4BA7-46BF-84CB-7509A5099F44}.Debug|x64.Build.0 = Debug|x64
		{2EF9DD6E-4BA7-46BF-84CB-7509A5099F44}.Debug|x86.ActiveCfg = Debug|Any CPU
		{2EF9DD6E-4BA7-46BF-84CB-7509A5099F44}.Release|Any CPU.ActiveCfg = Release|Any CPU
		{2EF9DD6E-4BA7-46BF-84CB-7509A5099F44}.Release|Any CPU.Build.0 = Release|Any CPU
		{2EF9DD6E-4BA7-46BF-84CB-7509A5099F44}.Release|Mixed Platforms.ActiveCfg = Release|Any CPU
		{2EF9DD6E-4BA7-46BF-84CB-7509A5099F44}.Release|Mixed Platforms.Build.0 = Release|Any CPU
		{2EF9DD6E-4BA7-46BF-84CB-7509A5099F44}.Release|x64.ActiveCfg = Release|x64
		{2EF9DD6E-4BA7-46BF-84CB-7509A5099F44}.Release|x64.Build.0 = Release|x64
		{2EF9DD6E-4BA7-46BF-84CB-7509A5099F44}.Release|x86.ActiveCfg = Release|Any CPU
		{4AED788E-EA9A-4C3F-BB8D-07A7F1FBE8AA}.Debug|Any CPU.ActiveCfg = Debug|Any CPU
		{4AED788E-EA9A-4C3F-BB8D-07A7F1FBE8AA}.Debug|Any CPU.Build.0 = Debug|Any CPU
		{4AED788E-EA9A-4C3F-BB8D-07A7F1FBE8AA}.Debug|Mixed Platforms.ActiveCfg = Debug|Any CPU
		{4AED788E-EA9A-4C3F-BB8D-07A7F1FBE8AA}.Debug|Mixed Platforms.Build.0 = Debug|Any CPU
		{4AED788E-EA9A-4C3F-BB8D-07A7F1FBE8AA}.Debug|x64.ActiveCfg = Debug|x64
		{4AED788E-EA9A-4C3F-BB8D-07A7F1FBE8AA}.Debug|x64.Build.0 = Debug|x64
		{4AED788E-EA9A-4C3F-BB8D-07A7F1FBE8AA}.Debug|x86.ActiveCfg = Debug|Any CPU
		{4AED788E-EA9A-4C3F-BB8D-07A7F1FBE8AA}.Release|Any CPU.ActiveCfg = Release|Any CPU
		{4AED788E-EA9A-4C3F-BB8D-07A7F1FBE8AA}.Release|Any CPU.Build.0 = Release|Any CPU
		{4AED788E-EA9A-4C3F-BB8D-07A7F1FBE8AA}.Release|Mixed Platforms.ActiveCfg = Release|Any CPU
		{4AED788E-EA9A-4C3F-BB8D-07A7F1FBE8AA}.Release|Mixed Platforms.Build.0 = Release|Any CPU
		{4AED788E-EA9A-4C3F-BB8D-07A7F1FBE8AA}.Release|x64.ActiveCfg = Release|x64
		{4AED788E-EA9A-4C3F-BB8D-07A7F1FBE8AA}.Release|x64.Build.0 = Release|x64
		{4AED788E-EA9A-4C3F-BB8D-07A7F1FBE8AA}.Release|x86.ActiveCfg = Release|Any CPU
		{14ED9C55-9007-4689-8142-83B80CDCF6A9}.Debug|Any CPU.ActiveCfg = Debug|Any CPU
		{14ED9C55-9007-4689-8142-83B80CDCF6A9}.Debug|Any CPU.Build.0 = Debug|Any CPU
		{14ED9C55-9007-4689-8142-83B80CDCF6A9}.Debug|Mixed Platforms.ActiveCfg = Debug|Any CPU
		{14ED9C55-9007-4689-8142-83B80CDCF6A9}.Debug|Mixed Platforms.Build.0 = Debug|Any CPU
		{14ED9C55-9007-4689-8142-83B80CDCF6A9}.Debug|x64.ActiveCfg = Debug|x64
		{14ED9C55-9007-4689-8142-83B80CDCF6A9}.Debug|x64.Build.0 = Debug|x64
		{14ED9C55-9007-4689-8142-83B80CDCF6A9}.Debug|x86.ActiveCfg = Debug|Any CPU
		{14ED9C55-9007-4689-8142-83B80CDCF6A9}.Release|Any CPU.ActiveCfg = Release|Any CPU
		{14ED9C55-9007-4689-8142-83B80CDCF6A9}.Release|Any CPU.Build.0 = Release|Any CPU
		{14ED9C55-9007-4689-8142-83B80CDCF6A9}.Release|Mixed Platforms.ActiveCfg = Release|Any CPU
		{14ED9C55-9007-4689-8142-83B80CDCF6A9}.Release|Mixed Platforms.Build.0 = Release|Any CPU
		{14ED9C55-9007-4689-8142-83B80CDCF6A9}.Release|x64.ActiveCfg = Release|x64
		{14ED9C55-9007-4689-8142-83B80CDCF6A9}.Release|x64.Build.0 = Release|x64
		{14ED9C55-9007-4689-8142-83B80CDCF6A9}.Release|x86.ActiveCfg = Release|Any CPU
		{F82632FB-A7EB-4121-B4C9-338450D024AF}.Debug|Any CPU.ActiveCfg = Debug|Any CPU
		{F82632FB-A7EB-4121-B4C9-338450D024AF}.Debug|Any CPU.Build.0 = Debug|Any CPU
		{F82632FB-A7EB-4121-B4C9-338450D024AF}.Debug|Mixed Platforms.ActiveCfg = Debug|Any CPU
		{F82632FB-A7EB-4121-B4C9-338450D024AF}.Debug|Mixed Platforms.Build.0 = Debug|Any CPU
		{F82632FB-A7EB-4121-B4C9-338450D024AF}.Debug|x64.ActiveCfg = Debug|x64
		{F82632FB-A7EB-4121-B4C9-338450D024AF}.Debug|x64.Build.0 = Debug|x64
		{F82632FB-A7EB-4121-B4C9-338450D024AF}.Debug|x86.ActiveCfg = Debug|Any CPU
		{F82632FB-A7EB-4121-B4C9-338450D024AF}.Release|Any CPU.ActiveCfg = Release|Any CPU
		{F82632FB-A7EB-4121-B4C9-338450D024AF}.Release|Any CPU.Build.0 = Release|Any CPU
		{F82632FB-A7EB-4121-B4C9-338450D024AF}.Release|Mixed Platforms.ActiveCfg = Release|Any CPU
		{F82632FB-A7EB-4121-B4C9-338450D024AF}.Release|Mixed Platforms.Build.0 = Release|Any CPU
		{F82632FB-A7EB-4121-B4C9-338450D024AF}.Release|x64.ActiveCfg = Release|x64
		{F82632FB-A7EB-4121-B4C9-338450D024AF}.Release|x64.Build.0 = Release|x64
		{F82632FB-A7EB-4121-B4C9-338450D024AF}.Release|x86.ActiveCfg = Release|Any CPU
		{81877B7C-61F6-46C5-B212-861065CD538F}.Debug|Any CPU.ActiveCfg = Debug|Any CPU
		{81877B7C-61F6-46C5-B212-861065CD538F}.Debug|Any CPU.Build.0 = Debug|Any CPU
		{81877B7C-61F6-46C5-B212-861065CD538F}.Debug|Mixed Platforms.ActiveCfg = Debug|Any CPU
		{81877B7C-61F6-46C5-B212-861065CD538F}.Debug|Mixed Platforms.Build.0 = Debug|Any CPU
		{81877B7C-61F6-46C5-B212-861065CD538F}.Debug|x64.ActiveCfg = Debug|x64
		{81877B7C-61F6-46C5-B212-861065CD538F}.Debug|x64.Build.0 = Debug|x64
		{81877B7C-61F6-46C5-B212-861065CD538F}.Debug|x86.ActiveCfg = Debug|Any CPU
		{81877B7C-61F6-46C5-B212-861065CD538F}.Release|Any CPU.ActiveCfg = Release|Any CPU
		{81877B7C-61F6-46C5-B212-861065CD538F}.Release|Any CPU.Build.0 = Release|Any CPU
		{81877B7C-61F6-46C5-B212-861065CD538F}.Release|Mixed Platforms.ActiveCfg = Release|Any CPU
		{81877B7C-61F6-46C5-B212-861065CD538F}.Release|Mixed Platforms.Build.0 = Release|Any CPU
		{81877B7C-61F6-46C5-B212-861065CD538F}.Release|x64.ActiveCfg = Release|x64
		{81877B7C-61F6-46C5-B212-861065CD538F}.Release|x64.Build.0 = Release|x64
		{81877B7C-61F6-46C5-B212-861065CD538F}.Release|x86.ActiveCfg = Release|Any CPU
		{8F70D1C0-9DAD-4857-B26C-AEE5ECC8E867}.Debug|Any CPU.ActiveCfg = Debug|Any CPU
		{8F70D1C0-9DAD-4857-B26C-AEE5ECC8E867}.Debug|Any CPU.Build.0 = Debug|Any CPU
		{8F70D1C0-9DAD-4857-B26C-AEE5ECC8E867}.Debug|Mixed Platforms.ActiveCfg = Debug|Any CPU
		{8F70D1C0-9DAD-4857-B26C-AEE5ECC8E867}.Debug|Mixed Platforms.Build.0 = Debug|Any CPU
		{8F70D1C0-9DAD-4857-B26C-AEE5ECC8E867}.Debug|x64.ActiveCfg = Debug|x64
		{8F70D1C0-9DAD-4857-B26C-AEE5ECC8E867}.Debug|x64.Build.0 = Debug|x64
		{8F70D1C0-9DAD-4857-B26C-AEE5ECC8E867}.Debug|x86.ActiveCfg = Debug|Any CPU
		{8F70D1C0-9DAD-4857-B26C-AEE5ECC8E867}.Release|Any CPU.ActiveCfg = Release|Any CPU
		{8F70D1C0-9DAD-4857-B26C-AEE5ECC8E867}.Release|Any CPU.Build.0 = Release|Any CPU
		{8F70D1C0-9DAD-4857-B26C-AEE5ECC8E867}.Release|Mixed Platforms.ActiveCfg = Release|Any CPU
		{8F70D1C0-9DAD-4857-B26C-AEE5ECC8E867}.Release|Mixed Platforms.Build.0 = Release|Any CPU
		{8F70D1C0-9DAD-4857-B26C-AEE5ECC8E867}.Release|x64.ActiveCfg = Release|x64
		{8F70D1C0-9DAD-4857-B26C-AEE5ECC8E867}.Release|x64.Build.0 = Release|x64
		{8F70D1C0-9DAD-4857-B26C-AEE5ECC8E867}.Release|x86.ActiveCfg = Release|Any CPU
		{D6BCFB92-FFF1-4BE9-9B95-8A7063258597}.Debug|Any CPU.ActiveCfg = Debug|Any CPU
		{D6BCFB92-FFF1-4BE9-9B95-8A7063258597}.Debug|Any CPU.Build.0 = Debug|Any CPU
		{D6BCFB92-FFF1-4BE9-9B95-8A7063258597}.Debug|Mixed Platforms.ActiveCfg = Debug|Any CPU
		{D6BCFB92-FFF1-4BE9-9B95-8A7063258597}.Debug|Mixed Platforms.Build.0 = Debug|Any CPU
		{D6BCFB92-FFF1-4BE9-9B95-8A7063258597}.Debug|x64.ActiveCfg = Debug|x64
		{D6BCFB92-FFF1-4BE9-9B95-8A7063258597}.Debug|x64.Build.0 = Debug|x64
		{D6BCFB92-FFF1-4BE9-9B95-8A7063258597}.Debug|x86.ActiveCfg = Debug|Any CPU
		{D6BCFB92-FFF1-4BE9-9B95-8A7063258597}.Release|Any CPU.ActiveCfg = Release|Any CPU
		{D6BCFB92-FFF1-4BE9-9B95-8A7063258597}.Release|Any CPU.Build.0 = Release|Any CPU
		{D6BCFB92-FFF1-4BE9-9B95-8A7063258597}.Release|Mixed Platforms.ActiveCfg = Release|Any CPU
		{D6BCFB92-FFF1-4BE9-9B95-8A7063258597}.Release|Mixed Platforms.Build.0 = Release|Any CPU
		{D6BCFB92-FFF1-4BE9-9B95-8A7063258597}.Release|x64.ActiveCfg = Release|x64
		{D6BCFB92-FFF1-4BE9-9B95-8A7063258597}.Release|x64.Build.0 = Release|x64
		{D6BCFB92-FFF1-4BE9-9B95-8A7063258597}.Release|x86.ActiveCfg = Release|Any CPU
		{1807A189-3F0B-449E-A8B9-6DD81BB379F6}.Debug|Any CPU.ActiveCfg = Debug|Any CPU
		{1807A189-3F0B-449E-A8B9-6DD81BB379F6}.Debug|Any CPU.Build.0 = Debug|Any CPU
		{1807A189-3F0B-449E-A8B9-6DD81BB379F6}.Debug|Mixed Platforms.ActiveCfg = Debug|x86
		{1807A189-3F0B-449E-A8B9-6DD81BB379F6}.Debug|Mixed Platforms.Build.0 = Debug|x86
		{1807A189-3F0B-449E-A8B9-6DD81BB379F6}.Debug|x64.ActiveCfg = Debug|x64
		{1807A189-3F0B-449E-A8B9-6DD81BB379F6}.Debug|x86.ActiveCfg = Debug|x86
		{1807A189-3F0B-449E-A8B9-6DD81BB379F6}.Debug|x86.Build.0 = Debug|x86
		{1807A189-3F0B-449E-A8B9-6DD81BB379F6}.Release|Any CPU.ActiveCfg = Release|Any CPU
		{1807A189-3F0B-449E-A8B9-6DD81BB379F6}.Release|Any CPU.Build.0 = Release|Any CPU
		{1807A189-3F0B-449E-A8B9-6DD81BB379F6}.Release|Mixed Platforms.ActiveCfg = Release|Any CPU
		{1807A189-3F0B-449E-A8B9-6DD81BB379F6}.Release|Mixed Platforms.Build.0 = Release|Any CPU
		{1807A189-3F0B-449E-A8B9-6DD81BB379F6}.Release|x64.ActiveCfg = Release|x64
		{1807A189-3F0B-449E-A8B9-6DD81BB379F6}.Release|x64.Build.0 = Release|x64
		{1807A189-3F0B-449E-A8B9-6DD81BB379F6}.Release|x86.ActiveCfg = Release|x86
		{1807A189-3F0B-449E-A8B9-6DD81BB379F6}.Release|x86.Build.0 = Release|x86
		{F0ED93C9-BC53-4EFB-BCF2-371C51D57523}.Debug|Any CPU.ActiveCfg = Debug|Any CPU
		{F0ED93C9-BC53-4EFB-BCF2-371C51D57523}.Debug|Any CPU.Build.0 = Debug|Any CPU
		{F0ED93C9-BC53-4EFB-BCF2-371C51D57523}.Debug|Mixed Platforms.ActiveCfg = Debug|Any CPU
		{F0ED93C9-BC53-4EFB-BCF2-371C51D57523}.Debug|Mixed Platforms.Build.0 = Debug|Any CPU
		{F0ED93C9-BC53-4EFB-BCF2-371C51D57523}.Debug|x64.ActiveCfg = Debug|x64
		{F0ED93C9-BC53-4EFB-BCF2-371C51D57523}.Debug|x64.Build.0 = Debug|x64
		{F0ED93C9-BC53-4EFB-BCF2-371C51D57523}.Debug|x86.ActiveCfg = Debug|Any CPU
		{F0ED93C9-BC53-4EFB-BCF2-371C51D57523}.Release|Any CPU.ActiveCfg = Release|Any CPU
		{F0ED93C9-BC53-4EFB-BCF2-371C51D57523}.Release|Any CPU.Build.0 = Release|Any CPU
		{F0ED93C9-BC53-4EFB-BCF2-371C51D57523}.Release|Mixed Platforms.ActiveCfg = Release|Any CPU
		{F0ED93C9-BC53-4EFB-BCF2-371C51D57523}.Release|Mixed Platforms.Build.0 = Release|Any CPU
		{F0ED93C9-BC53-4EFB-BCF2-371C51D57523}.Release|x64.ActiveCfg = Release|x64
		{F0ED93C9-BC53-4EFB-BCF2-371C51D57523}.Release|x64.Build.0 = Release|x64
		{F0ED93C9-BC53-4EFB-BCF2-371C51D57523}.Release|x86.ActiveCfg = Release|Any CPU
		{9CE678F8-33FE-4822-A596-4C3FA802C64F}.Debug|Any CPU.ActiveCfg = Debug|Any CPU
		{9CE678F8-33FE-4822-A596-4C3FA802C64F}.Debug|Any CPU.Build.0 = Debug|Any CPU
		{9CE678F8-33FE-4822-A596-4C3FA802C64F}.Debug|Mixed Platforms.ActiveCfg = Debug|Any CPU
		{9CE678F8-33FE-4822-A596-4C3FA802C64F}.Debug|Mixed Platforms.Build.0 = Debug|Any CPU
		{9CE678F8-33FE-4822-A596-4C3FA802C64F}.Debug|x64.ActiveCfg = Debug|x64
		{9CE678F8-33FE-4822-A596-4C3FA802C64F}.Debug|x64.Build.0 = Debug|x64
		{9CE678F8-33FE-4822-A596-4C3FA802C64F}.Debug|x86.ActiveCfg = Debug|Any CPU
		{9CE678F8-33FE-4822-A596-4C3FA802C64F}.Release|Any CPU.ActiveCfg = Release|Any CPU
		{9CE678F8-33FE-4822-A596-4C3FA802C64F}.Release|Any CPU.Build.0 = Release|Any CPU
		{9CE678F8-33FE-4822-A596-4C3FA802C64F}.Release|Mixed Platforms.ActiveCfg = Release|Any CPU
		{9CE678F8-33FE-4822-A596-4C3FA802C64F}.Release|Mixed Platforms.Build.0 = Release|Any CPU
		{9CE678F8-33FE-4822-A596-4C3FA802C64F}.Release|x64.ActiveCfg = Release|x64
		{9CE678F8-33FE-4822-A596-4C3FA802C64F}.Release|x64.Build.0 = Release|x64
		{9CE678F8-33FE-4822-A596-4C3FA802C64F}.Release|x86.ActiveCfg = Release|Any CPU
		{A3A80826-066D-4519-9D2A-C00E01243E6E}.Debug|Any CPU.ActiveCfg = Debug|Any CPU
		{A3A80826-066D-4519-9D2A-C00E01243E6E}.Debug|Any CPU.Build.0 = Debug|Any CPU
		{A3A80826-066D-4519-9D2A-C00E01243E6E}.Debug|Mixed Platforms.ActiveCfg = Debug|Any CPU
		{A3A80826-066D-4519-9D2A-C00E01243E6E}.Debug|Mixed Platforms.Build.0 = Debug|Any CPU
		{A3A80826-066D-4519-9D2A-C00E01243E6E}.Debug|x64.ActiveCfg = Debug|Any CPU
		{A3A80826-066D-4519-9D2A-C00E01243E6E}.Debug|x86.ActiveCfg = Debug|Any CPU
		{A3A80826-066D-4519-9D2A-C00E01243E6E}.Release|Any CPU.ActiveCfg = Release|Any CPU
		{A3A80826-066D-4519-9D2A-C00E01243E6E}.Release|Any CPU.Build.0 = Release|Any CPU
		{A3A80826-066D-4519-9D2A-C00E01243E6E}.Release|Mixed Platforms.ActiveCfg = Release|Any CPU
		{A3A80826-066D-4519-9D2A-C00E01243E6E}.Release|Mixed Platforms.Build.0 = Release|Any CPU
		{A3A80826-066D-4519-9D2A-C00E01243E6E}.Release|Mixed Platforms.Deploy.0 = Release|Any CPU
		{A3A80826-066D-4519-9D2A-C00E01243E6E}.Release|x64.ActiveCfg = Release|Any CPU
		{A3A80826-066D-4519-9D2A-C00E01243E6E}.Release|x86.ActiveCfg = Release|Any CPU
		{0E99A5BE-AAB2-4E72-80D9-D1A657553922}.Debug|Any CPU.ActiveCfg = Debug|Any CPU
		{0E99A5BE-AAB2-4E72-80D9-D1A657553922}.Debug|Any CPU.Build.0 = Debug|Any CPU
		{0E99A5BE-AAB2-4E72-80D9-D1A657553922}.Debug|Mixed Platforms.ActiveCfg = Debug|Any CPU
		{0E99A5BE-AAB2-4E72-80D9-D1A657553922}.Debug|Mixed Platforms.Build.0 = Debug|Any CPU
		{0E99A5BE-AAB2-4E72-80D9-D1A657553922}.Debug|x64.ActiveCfg = Debug|x64
		{0E99A5BE-AAB2-4E72-80D9-D1A657553922}.Debug|x64.Build.0 = Debug|x64
		{0E99A5BE-AAB2-4E72-80D9-D1A657553922}.Debug|x86.ActiveCfg = Debug|Any CPU
		{0E99A5BE-AAB2-4E72-80D9-D1A657553922}.Release|Any CPU.ActiveCfg = Release|Any CPU
		{0E99A5BE-AAB2-4E72-80D9-D1A657553922}.Release|Any CPU.Build.0 = Release|Any CPU
		{0E99A5BE-AAB2-4E72-80D9-D1A657553922}.Release|Mixed Platforms.ActiveCfg = Release|Any CPU
		{0E99A5BE-AAB2-4E72-80D9-D1A657553922}.Release|Mixed Platforms.Build.0 = Release|Any CPU
		{0E99A5BE-AAB2-4E72-80D9-D1A657553922}.Release|x64.ActiveCfg = Release|x64
		{0E99A5BE-AAB2-4E72-80D9-D1A657553922}.Release|x64.Build.0 = Release|x64
		{0E99A5BE-AAB2-4E72-80D9-D1A657553922}.Release|x86.ActiveCfg = Release|Any CPU
		{2E16E3F2-5AE8-450E-9953-177FAB41554C}.Debug|Any CPU.ActiveCfg = Debug|Any CPU
		{2E16E3F2-5AE8-450E-9953-177FAB41554C}.Debug|Any CPU.Build.0 = Debug|Any CPU
		{2E16E3F2-5AE8-450E-9953-177FAB41554C}.Debug|Mixed Platforms.ActiveCfg = Debug|Any CPU
		{2E16E3F2-5AE8-450E-9953-177FAB41554C}.Debug|Mixed Platforms.Build.0 = Debug|Any CPU
		{2E16E3F2-5AE8-450E-9953-177FAB41554C}.Debug|x64.ActiveCfg = Debug|x64
		{2E16E3F2-5AE8-450E-9953-177FAB41554C}.Debug|x64.Build.0 = Debug|x64
		{2E16E3F2-5AE8-450E-9953-177FAB41554C}.Debug|x86.ActiveCfg = Debug|Any CPU
		{2E16E3F2-5AE8-450E-9953-177FAB41554C}.Release|Any CPU.ActiveCfg = Release|Any CPU
		{2E16E3F2-5AE8-450E-9953-177FAB41554C}.Release|Any CPU.Build.0 = Release|Any CPU
		{2E16E3F2-5AE8-450E-9953-177FAB41554C}.Release|Mixed Platforms.ActiveCfg = Release|Any CPU
		{2E16E3F2-5AE8-450E-9953-177FAB41554C}.Release|Mixed Platforms.Build.0 = Release|Any CPU
		{2E16E3F2-5AE8-450E-9953-177FAB41554C}.Release|x64.ActiveCfg = Release|x64
		{2E16E3F2-5AE8-450E-9953-177FAB41554C}.Release|x64.Build.0 = Release|x64
		{2E16E3F2-5AE8-450E-9953-177FAB41554C}.Release|x86.ActiveCfg = Release|Any CPU
		{55A13C46-7CAD-4084-BB1E-47C4ECACCDB7}.Debug|Any CPU.ActiveCfg = Debug|Any CPU
		{55A13C46-7CAD-4084-BB1E-47C4ECACCDB7}.Debug|Any CPU.Build.0 = Debug|Any CPU
		{55A13C46-7CAD-4084-BB1E-47C4ECACCDB7}.Debug|Mixed Platforms.ActiveCfg = Debug|Any CPU
		{55A13C46-7CAD-4084-BB1E-47C4ECACCDB7}.Debug|Mixed Platforms.Build.0 = Debug|Any CPU
		{55A13C46-7CAD-4084-BB1E-47C4ECACCDB7}.Debug|x64.ActiveCfg = Debug|x64
		{55A13C46-7CAD-4084-BB1E-47C4ECACCDB7}.Debug|x64.Build.0 = Debug|x64
		{55A13C46-7CAD-4084-BB1E-47C4ECACCDB7}.Debug|x86.ActiveCfg = Debug|Any CPU
		{55A13C46-7CAD-4084-BB1E-47C4ECACCDB7}.Release|Any CPU.ActiveCfg = Release|Any CPU
		{55A13C46-7CAD-4084-BB1E-47C4ECACCDB7}.Release|Any CPU.Build.0 = Release|Any CPU
		{55A13C46-7CAD-4084-BB1E-47C4ECACCDB7}.Release|Mixed Platforms.ActiveCfg = Release|Any CPU
		{55A13C46-7CAD-4084-BB1E-47C4ECACCDB7}.Release|Mixed Platforms.Build.0 = Release|Any CPU
		{55A13C46-7CAD-4084-BB1E-47C4ECACCDB7}.Release|x64.ActiveCfg = Release|x64
		{55A13C46-7CAD-4084-BB1E-47C4ECACCDB7}.Release|x64.Build.0 = Release|x64
		{55A13C46-7CAD-4084-BB1E-47C4ECACCDB7}.Release|x86.ActiveCfg = Release|Any CPU
		{4D570070-A1E5-434B-81AA-CEA52294DA59}.Debug|Any CPU.ActiveCfg = Debug|Any CPU
		{4D570070-A1E5-434B-81AA-CEA52294DA59}.Debug|Any CPU.Build.0 = Debug|Any CPU
		{4D570070-A1E5-434B-81AA-CEA52294DA59}.Debug|Mixed Platforms.ActiveCfg = Debug|Any CPU
		{4D570070-A1E5-434B-81AA-CEA52294DA59}.Debug|Mixed Platforms.Build.0 = Debug|Any CPU
		{4D570070-A1E5-434B-81AA-CEA52294DA59}.Debug|x64.ActiveCfg = Debug|x64
		{4D570070-A1E5-434B-81AA-CEA52294DA59}.Debug|x64.Build.0 = Debug|x64
		{4D570070-A1E5-434B-81AA-CEA52294DA59}.Debug|x86.ActiveCfg = Debug|Any CPU
		{4D570070-A1E5-434B-81AA-CEA52294DA59}.Release|Any CPU.ActiveCfg = Release|Any CPU
		{4D570070-A1E5-434B-81AA-CEA52294DA59}.Release|Any CPU.Build.0 = Release|Any CPU
		{4D570070-A1E5-434B-81AA-CEA52294DA59}.Release|Mixed Platforms.ActiveCfg = Release|Any CPU
		{4D570070-A1E5-434B-81AA-CEA52294DA59}.Release|Mixed Platforms.Build.0 = Release|Any CPU
		{4D570070-A1E5-434B-81AA-CEA52294DA59}.Release|x64.ActiveCfg = Release|x64
		{4D570070-A1E5-434B-81AA-CEA52294DA59}.Release|x64.Build.0 = Release|x64
		{4D570070-A1E5-434B-81AA-CEA52294DA59}.Release|x86.ActiveCfg = Release|Any CPU
		{5A992265-3A04-422C-872E-2C66A55A0D86}.Debug|Any CPU.ActiveCfg = Debug|Any CPU
		{5A992265-3A04-422C-872E-2C66A55A0D86}.Debug|Any CPU.Build.0 = Debug|Any CPU
		{5A992265-3A04-422C-872E-2C66A55A0D86}.Debug|Mixed Platforms.ActiveCfg = Debug|Any CPU
		{5A992265-3A04-422C-872E-2C66A55A0D86}.Debug|Mixed Platforms.Build.0 = Debug|Any CPU
		{5A992265-3A04-422C-872E-2C66A55A0D86}.Debug|x64.ActiveCfg = Debug|x64
		{5A992265-3A04-422C-872E-2C66A55A0D86}.Debug|x64.Build.0 = Debug|x64
		{5A992265-3A04-422C-872E-2C66A55A0D86}.Debug|x86.ActiveCfg = Debug|Any CPU
		{5A992265-3A04-422C-872E-2C66A55A0D86}.Release|Any CPU.ActiveCfg = Release|Any CPU
		{5A992265-3A04-422C-872E-2C66A55A0D86}.Release|Any CPU.Build.0 = Release|Any CPU
		{5A992265-3A04-422C-872E-2C66A55A0D86}.Release|Mixed Platforms.ActiveCfg = Release|Any CPU
		{5A992265-3A04-422C-872E-2C66A55A0D86}.Release|Mixed Platforms.Build.0 = Release|Any CPU
		{5A992265-3A04-422C-872E-2C66A55A0D86}.Release|x64.ActiveCfg = Release|x64
		{5A992265-3A04-422C-872E-2C66A55A0D86}.Release|x64.Build.0 = Release|x64
		{5A992265-3A04-422C-872E-2C66A55A0D86}.Release|x86.ActiveCfg = Release|Any CPU
		{3A2EB34A-A197-4426-AC2A-2CA4FDC38610}.Debug|Any CPU.ActiveCfg = Debug|Any CPU
		{3A2EB34A-A197-4426-AC2A-2CA4FDC38610}.Debug|Any CPU.Build.0 = Debug|Any CPU
		{3A2EB34A-A197-4426-AC2A-2CA4FDC38610}.Debug|Mixed Platforms.ActiveCfg = Debug|Any CPU
		{3A2EB34A-A197-4426-AC2A-2CA4FDC38610}.Debug|Mixed Platforms.Build.0 = Debug|Any CPU
		{3A2EB34A-A197-4426-AC2A-2CA4FDC38610}.Debug|x64.ActiveCfg = Debug|x64
		{3A2EB34A-A197-4426-AC2A-2CA4FDC38610}.Debug|x64.Build.0 = Debug|x64
		{3A2EB34A-A197-4426-AC2A-2CA4FDC38610}.Debug|x86.ActiveCfg = Debug|Any CPU
		{3A2EB34A-A197-4426-AC2A-2CA4FDC38610}.Release|Any CPU.ActiveCfg = Release|Any CPU
		{3A2EB34A-A197-4426-AC2A-2CA4FDC38610}.Release|Any CPU.Build.0 = Release|Any CPU
		{3A2EB34A-A197-4426-AC2A-2CA4FDC38610}.Release|Mixed Platforms.ActiveCfg = Release|Any CPU
		{3A2EB34A-A197-4426-AC2A-2CA4FDC38610}.Release|Mixed Platforms.Build.0 = Release|Any CPU
		{3A2EB34A-A197-4426-AC2A-2CA4FDC38610}.Release|x64.ActiveCfg = Release|x64
		{3A2EB34A-A197-4426-AC2A-2CA4FDC38610}.Release|x64.Build.0 = Release|x64
		{3A2EB34A-A197-4426-AC2A-2CA4FDC38610}.Release|x86.ActiveCfg = Release|Any CPU
		{5B98B72A-C603-4F55-9ACD-34B606AF2107}.Debug|Any CPU.ActiveCfg = Debug|Any CPU
		{5B98B72A-C603-4F55-9ACD-34B606AF2107}.Debug|Any CPU.Build.0 = Debug|Any CPU
		{5B98B72A-C603-4F55-9ACD-34B606AF2107}.Debug|Mixed Platforms.ActiveCfg = Debug|Any CPU
		{5B98B72A-C603-4F55-9ACD-34B606AF2107}.Debug|Mixed Platforms.Build.0 = Debug|Any CPU
		{5B98B72A-C603-4F55-9ACD-34B606AF2107}.Debug|x64.ActiveCfg = Debug|x64
		{5B98B72A-C603-4F55-9ACD-34B606AF2107}.Debug|x64.Build.0 = Debug|x64
		{5B98B72A-C603-4F55-9ACD-34B606AF2107}.Debug|x86.ActiveCfg = Debug|Any CPU
		{5B98B72A-C603-4F55-9ACD-34B606AF2107}.Release|Any CPU.ActiveCfg = Release|Any CPU
		{5B98B72A-C603-4F55-9ACD-34B606AF2107}.Release|Any CPU.Build.0 = Release|Any CPU
		{5B98B72A-C603-4F55-9ACD-34B606AF2107}.Release|Mixed Platforms.ActiveCfg = Release|Any CPU
		{5B98B72A-C603-4F55-9ACD-34B606AF2107}.Release|Mixed Platforms.Build.0 = Release|Any CPU
		{5B98B72A-C603-4F55-9ACD-34B606AF2107}.Release|x64.ActiveCfg = Release|x64
		{5B98B72A-C603-4F55-9ACD-34B606AF2107}.Release|x64.Build.0 = Release|x64
		{5B98B72A-C603-4F55-9ACD-34B606AF2107}.Release|x86.ActiveCfg = Release|Any CPU
		{C648ACE3-40CC-41FE-9B52-0ACF9C3BE5BC}.Debug|Any CPU.ActiveCfg = Debug|Any CPU
		{C648ACE3-40CC-41FE-9B52-0ACF9C3BE5BC}.Debug|Any CPU.Build.0 = Debug|Any CPU
		{C648ACE3-40CC-41FE-9B52-0ACF9C3BE5BC}.Debug|Mixed Platforms.ActiveCfg = Debug|Any CPU
		{C648ACE3-40CC-41FE-9B52-0ACF9C3BE5BC}.Debug|Mixed Platforms.Build.0 = Debug|Any CPU
		{C648ACE3-40CC-41FE-9B52-0ACF9C3BE5BC}.Debug|x64.ActiveCfg = Debug|x64
		{C648ACE3-40CC-41FE-9B52-0ACF9C3BE5BC}.Debug|x64.Build.0 = Debug|x64
		{C648ACE3-40CC-41FE-9B52-0ACF9C3BE5BC}.Debug|x86.ActiveCfg = Debug|Any CPU
		{C648ACE3-40CC-41FE-9B52-0ACF9C3BE5BC}.Release|Any CPU.ActiveCfg = Release|Any CPU
		{C648ACE3-40CC-41FE-9B52-0ACF9C3BE5BC}.Release|Any CPU.Build.0 = Release|Any CPU
		{C648ACE3-40CC-41FE-9B52-0ACF9C3BE5BC}.Release|Mixed Platforms.ActiveCfg = Release|Any CPU
		{C648ACE3-40CC-41FE-9B52-0ACF9C3BE5BC}.Release|Mixed Platforms.Build.0 = Release|Any CPU
		{C648ACE3-40CC-41FE-9B52-0ACF9C3BE5BC}.Release|x64.ActiveCfg = Release|x64
		{C648ACE3-40CC-41FE-9B52-0ACF9C3BE5BC}.Release|x64.Build.0 = Release|x64
		{C648ACE3-40CC-41FE-9B52-0ACF9C3BE5BC}.Release|x86.ActiveCfg = Release|Any CPU
		{5F677F32-02CA-4462-A99E-162FD5266F18}.Debug|Any CPU.ActiveCfg = Debug|Any CPU
		{5F677F32-02CA-4462-A99E-162FD5266F18}.Debug|Any CPU.Build.0 = Debug|Any CPU
		{5F677F32-02CA-4462-A99E-162FD5266F18}.Debug|Mixed Platforms.ActiveCfg = Debug|Any CPU
		{5F677F32-02CA-4462-A99E-162FD5266F18}.Debug|Mixed Platforms.Build.0 = Debug|Any CPU
		{5F677F32-02CA-4462-A99E-162FD5266F18}.Debug|x64.ActiveCfg = Debug|x64
		{5F677F32-02CA-4462-A99E-162FD5266F18}.Debug|x64.Build.0 = Debug|x64
		{5F677F32-02CA-4462-A99E-162FD5266F18}.Debug|x86.ActiveCfg = Debug|Any CPU
		{5F677F32-02CA-4462-A99E-162FD5266F18}.Release|Any CPU.ActiveCfg = Release|Any CPU
		{5F677F32-02CA-4462-A99E-162FD5266F18}.Release|Any CPU.Build.0 = Release|Any CPU
		{5F677F32-02CA-4462-A99E-162FD5266F18}.Release|Mixed Platforms.ActiveCfg = Release|Any CPU
		{5F677F32-02CA-4462-A99E-162FD5266F18}.Release|Mixed Platforms.Build.0 = Release|Any CPU
		{5F677F32-02CA-4462-A99E-162FD5266F18}.Release|x64.ActiveCfg = Release|x64
		{5F677F32-02CA-4462-A99E-162FD5266F18}.Release|x64.Build.0 = Release|x64
		{5F677F32-02CA-4462-A99E-162FD5266F18}.Release|x86.ActiveCfg = Release|Any CPU
		{348204EC-DDF7-4735-8DA0-341F206CCCD9}.Debug|Any CPU.ActiveCfg = Debug|Any CPU
		{348204EC-DDF7-4735-8DA0-341F206CCCD9}.Debug|Any CPU.Build.0 = Debug|Any CPU
		{348204EC-DDF7-4735-8DA0-341F206CCCD9}.Debug|Mixed Platforms.ActiveCfg = Debug|Any CPU
		{348204EC-DDF7-4735-8DA0-341F206CCCD9}.Debug|Mixed Platforms.Build.0 = Debug|Any CPU
		{348204EC-DDF7-4735-8DA0-341F206CCCD9}.Debug|x64.ActiveCfg = Debug|x64
		{348204EC-DDF7-4735-8DA0-341F206CCCD9}.Debug|x64.Build.0 = Debug|x64
		{348204EC-DDF7-4735-8DA0-341F206CCCD9}.Debug|x86.ActiveCfg = Debug|Any CPU
		{348204EC-DDF7-4735-8DA0-341F206CCCD9}.Release|Any CPU.ActiveCfg = Release|Any CPU
		{348204EC-DDF7-4735-8DA0-341F206CCCD9}.Release|Any CPU.Build.0 = Release|Any CPU
		{348204EC-DDF7-4735-8DA0-341F206CCCD9}.Release|Mixed Platforms.ActiveCfg = Release|Any CPU
		{348204EC-DDF7-4735-8DA0-341F206CCCD9}.Release|Mixed Platforms.Build.0 = Release|Any CPU
		{348204EC-DDF7-4735-8DA0-341F206CCCD9}.Release|x64.ActiveCfg = Release|x64
		{348204EC-DDF7-4735-8DA0-341F206CCCD9}.Release|x64.Build.0 = Release|x64
		{348204EC-DDF7-4735-8DA0-341F206CCCD9}.Release|x86.ActiveCfg = Release|Any CPU
		{6E4B9146-D44D-47B0-A9CA-82381D7E44E6}.Debug|Any CPU.ActiveCfg = Debug|Any CPU
		{6E4B9146-D44D-47B0-A9CA-82381D7E44E6}.Debug|Any CPU.Build.0 = Debug|Any CPU
		{6E4B9146-D44D-47B0-A9CA-82381D7E44E6}.Debug|Mixed Platforms.ActiveCfg = Debug|Any CPU
		{6E4B9146-D44D-47B0-A9CA-82381D7E44E6}.Debug|Mixed Platforms.Build.0 = Debug|Any CPU
		{6E4B9146-D44D-47B0-A9CA-82381D7E44E6}.Debug|x64.ActiveCfg = Debug|x64
		{6E4B9146-D44D-47B0-A9CA-82381D7E44E6}.Debug|x64.Build.0 = Debug|x64
		{6E4B9146-D44D-47B0-A9CA-82381D7E44E6}.Debug|x86.ActiveCfg = Debug|x86
		{6E4B9146-D44D-47B0-A9CA-82381D7E44E6}.Debug|x86.Build.0 = Debug|x86
		{6E4B9146-D44D-47B0-A9CA-82381D7E44E6}.Release|Any CPU.ActiveCfg = Release|Any CPU
		{6E4B9146-D44D-47B0-A9CA-82381D7E44E6}.Release|Any CPU.Build.0 = Release|Any CPU
		{6E4B9146-D44D-47B0-A9CA-82381D7E44E6}.Release|Mixed Platforms.ActiveCfg = Release|Any CPU
		{6E4B9146-D44D-47B0-A9CA-82381D7E44E6}.Release|Mixed Platforms.Build.0 = Release|Any CPU
		{6E4B9146-D44D-47B0-A9CA-82381D7E44E6}.Release|x64.ActiveCfg = Release|x64
		{6E4B9146-D44D-47B0-A9CA-82381D7E44E6}.Release|x64.Build.0 = Release|x64
		{6E4B9146-D44D-47B0-A9CA-82381D7E44E6}.Release|x86.ActiveCfg = Release|x86
		{6E4B9146-D44D-47B0-A9CA-82381D7E44E6}.Release|x86.Build.0 = Release|x86
		{66D44518-5380-4621-AA03-E95DBC0FD17E}.Debug|Any CPU.ActiveCfg = Debug|Any CPU
		{66D44518-5380-4621-AA03-E95DBC0FD17E}.Debug|Any CPU.Build.0 = Debug|Any CPU
		{66D44518-5380-4621-AA03-E95DBC0FD17E}.Debug|Mixed Platforms.ActiveCfg = Debug|Any CPU
		{66D44518-5380-4621-AA03-E95DBC0FD17E}.Debug|Mixed Platforms.Build.0 = Debug|Any CPU
		{66D44518-5380-4621-AA03-E95DBC0FD17E}.Debug|x64.ActiveCfg = Debug|x64
		{66D44518-5380-4621-AA03-E95DBC0FD17E}.Debug|x64.Build.0 = Debug|x64
		{66D44518-5380-4621-AA03-E95DBC0FD17E}.Debug|x86.ActiveCfg = Debug|Any CPU
		{66D44518-5380-4621-AA03-E95DBC0FD17E}.Release|Any CPU.ActiveCfg = Release|Any CPU
		{66D44518-5380-4621-AA03-E95DBC0FD17E}.Release|Any CPU.Build.0 = Release|Any CPU
		{66D44518-5380-4621-AA03-E95DBC0FD17E}.Release|Mixed Platforms.ActiveCfg = Release|Any CPU
		{66D44518-5380-4621-AA03-E95DBC0FD17E}.Release|Mixed Platforms.Build.0 = Release|Any CPU
		{66D44518-5380-4621-AA03-E95DBC0FD17E}.Release|x64.ActiveCfg = Release|x64
		{66D44518-5380-4621-AA03-E95DBC0FD17E}.Release|x64.Build.0 = Release|x64
		{66D44518-5380-4621-AA03-E95DBC0FD17E}.Release|x86.ActiveCfg = Release|Any CPU
		{E77D2C1D-4109-4DE2-A975-D16CD8CFE321}.Debug|Any CPU.ActiveCfg = Debug|Any CPU
		{E77D2C1D-4109-4DE2-A975-D16CD8CFE321}.Debug|Any CPU.Build.0 = Debug|Any CPU
		{E77D2C1D-4109-4DE2-A975-D16CD8CFE321}.Debug|Mixed Platforms.ActiveCfg = Debug|Any CPU
		{E77D2C1D-4109-4DE2-A975-D16CD8CFE321}.Debug|Mixed Platforms.Build.0 = Debug|Any CPU
		{E77D2C1D-4109-4DE2-A975-D16CD8CFE321}.Debug|x64.ActiveCfg = Debug|x64
		{E77D2C1D-4109-4DE2-A975-D16CD8CFE321}.Debug|x64.Build.0 = Debug|x64
		{E77D2C1D-4109-4DE2-A975-D16CD8CFE321}.Debug|x86.ActiveCfg = Debug|Any CPU
		{E77D2C1D-4109-4DE2-A975-D16CD8CFE321}.Release|Any CPU.ActiveCfg = Release|Any CPU
		{E77D2C1D-4109-4DE2-A975-D16CD8CFE321}.Release|Any CPU.Build.0 = Release|Any CPU
		{E77D2C1D-4109-4DE2-A975-D16CD8CFE321}.Release|Mixed Platforms.ActiveCfg = Release|Any CPU
		{E77D2C1D-4109-4DE2-A975-D16CD8CFE321}.Release|Mixed Platforms.Build.0 = Release|Any CPU
		{E77D2C1D-4109-4DE2-A975-D16CD8CFE321}.Release|x64.ActiveCfg = Release|x64
		{E77D2C1D-4109-4DE2-A975-D16CD8CFE321}.Release|x64.Build.0 = Release|x64
		{E77D2C1D-4109-4DE2-A975-D16CD8CFE321}.Release|x86.ActiveCfg = Release|Any CPU
		{A44D6C6D-4331-4D1B-BB59-7CB532A0C4AD}.Debug|Any CPU.ActiveCfg = Debug|Any CPU
		{A44D6C6D-4331-4D1B-BB59-7CB532A0C4AD}.Debug|Any CPU.Build.0 = Debug|Any CPU
		{A44D6C6D-4331-4D1B-BB59-7CB532A0C4AD}.Debug|Mixed Platforms.ActiveCfg = Debug|Any CPU
		{A44D6C6D-4331-4D1B-BB59-7CB532A0C4AD}.Debug|Mixed Platforms.Build.0 = Debug|Any CPU
		{A44D6C6D-4331-4D1B-BB59-7CB532A0C4AD}.Debug|x64.ActiveCfg = Debug|x64
		{A44D6C6D-4331-4D1B-BB59-7CB532A0C4AD}.Debug|x64.Build.0 = Debug|x64
		{A44D6C6D-4331-4D1B-BB59-7CB532A0C4AD}.Debug|x86.ActiveCfg = Debug|Any CPU
		{A44D6C6D-4331-4D1B-BB59-7CB532A0C4AD}.Release|Any CPU.ActiveCfg = Release|Any CPU
		{A44D6C6D-4331-4D1B-BB59-7CB532A0C4AD}.Release|Any CPU.Build.0 = Release|Any CPU
		{A44D6C6D-4331-4D1B-BB59-7CB532A0C4AD}.Release|Mixed Platforms.ActiveCfg = Release|Any CPU
		{A44D6C6D-4331-4D1B-BB59-7CB532A0C4AD}.Release|Mixed Platforms.Build.0 = Release|Any CPU
		{A44D6C6D-4331-4D1B-BB59-7CB532A0C4AD}.Release|x64.ActiveCfg = Release|x64
		{A44D6C6D-4331-4D1B-BB59-7CB532A0C4AD}.Release|x64.Build.0 = Release|x64
		{A44D6C6D-4331-4D1B-BB59-7CB532A0C4AD}.Release|x86.ActiveCfg = Release|Any CPU
		{FF72ADBF-A2A2-4DF5-8C0B-2C76A9E43702}.Debug|Any CPU.ActiveCfg = Debug|Any CPU
		{FF72ADBF-A2A2-4DF5-8C0B-2C76A9E43702}.Debug|Any CPU.Build.0 = Debug|Any CPU
		{FF72ADBF-A2A2-4DF5-8C0B-2C76A9E43702}.Debug|Mixed Platforms.ActiveCfg = Debug|Any CPU
		{FF72ADBF-A2A2-4DF5-8C0B-2C76A9E43702}.Debug|Mixed Platforms.Build.0 = Debug|Any CPU
		{FF72ADBF-A2A2-4DF5-8C0B-2C76A9E43702}.Debug|x64.ActiveCfg = Debug|x64
		{FF72ADBF-A2A2-4DF5-8C0B-2C76A9E43702}.Debug|x64.Build.0 = Debug|x64
		{FF72ADBF-A2A2-4DF5-8C0B-2C76A9E43702}.Debug|x86.ActiveCfg = Debug|Any CPU
		{FF72ADBF-A2A2-4DF5-8C0B-2C76A9E43702}.Release|Any CPU.ActiveCfg = Release|Any CPU
		{FF72ADBF-A2A2-4DF5-8C0B-2C76A9E43702}.Release|Any CPU.Build.0 = Release|Any CPU
		{FF72ADBF-A2A2-4DF5-8C0B-2C76A9E43702}.Release|Mixed Platforms.ActiveCfg = Release|Any CPU
		{FF72ADBF-A2A2-4DF5-8C0B-2C76A9E43702}.Release|Mixed Platforms.Build.0 = Release|Any CPU
		{FF72ADBF-A2A2-4DF5-8C0B-2C76A9E43702}.Release|x64.ActiveCfg = Release|x64
		{FF72ADBF-A2A2-4DF5-8C0B-2C76A9E43702}.Release|x64.Build.0 = Release|x64
		{FF72ADBF-A2A2-4DF5-8C0B-2C76A9E43702}.Release|x86.ActiveCfg = Release|Any CPU
		{4C44C586-793D-40FE-8758-ED302EC3A4AB}.Debug|Any CPU.ActiveCfg = Debug|Any CPU
		{4C44C586-793D-40FE-8758-ED302EC3A4AB}.Debug|Any CPU.Build.0 = Debug|Any CPU
		{4C44C586-793D-40FE-8758-ED302EC3A4AB}.Debug|Mixed Platforms.ActiveCfg = Debug|Any CPU
		{4C44C586-793D-40FE-8758-ED302EC3A4AB}.Debug|Mixed Platforms.Build.0 = Debug|Any CPU
		{4C44C586-793D-40FE-8758-ED302EC3A4AB}.Debug|x64.ActiveCfg = Debug|Any CPU
		{4C44C586-793D-40FE-8758-ED302EC3A4AB}.Debug|x86.ActiveCfg = Debug|Any CPU
		{4C44C586-793D-40FE-8758-ED302EC3A4AB}.Release|Any CPU.ActiveCfg = Release|Any CPU
		{4C44C586-793D-40FE-8758-ED302EC3A4AB}.Release|Any CPU.Build.0 = Release|Any CPU
		{4C44C586-793D-40FE-8758-ED302EC3A4AB}.Release|Mixed Platforms.ActiveCfg = Release|Any CPU
		{4C44C586-793D-40FE-8758-ED302EC3A4AB}.Release|Mixed Platforms.Build.0 = Release|Any CPU
		{4C44C586-793D-40FE-8758-ED302EC3A4AB}.Release|Mixed Platforms.Deploy.0 = Release|Any CPU
		{4C44C586-793D-40FE-8758-ED302EC3A4AB}.Release|x64.ActiveCfg = Release|Any CPU
		{4C44C586-793D-40FE-8758-ED302EC3A4AB}.Release|x86.ActiveCfg = Release|Any CPU
		{280E29DE-E83B-4F66-A06C-EAACF5CFA35F}.Debug|Any CPU.ActiveCfg = Debug|Any CPU
		{280E29DE-E83B-4F66-A06C-EAACF5CFA35F}.Debug|Any CPU.Build.0 = Debug|Any CPU
		{280E29DE-E83B-4F66-A06C-EAACF5CFA35F}.Debug|Mixed Platforms.ActiveCfg = Debug|Any CPU
		{280E29DE-E83B-4F66-A06C-EAACF5CFA35F}.Debug|Mixed Platforms.Build.0 = Debug|Any CPU
		{280E29DE-E83B-4F66-A06C-EAACF5CFA35F}.Debug|x64.ActiveCfg = Debug|Any CPU
		{280E29DE-E83B-4F66-A06C-EAACF5CFA35F}.Debug|x86.ActiveCfg = Debug|Any CPU
		{280E29DE-E83B-4F66-A06C-EAACF5CFA35F}.Release|Any CPU.ActiveCfg = Release|Any CPU
		{280E29DE-E83B-4F66-A06C-EAACF5CFA35F}.Release|Any CPU.Build.0 = Release|Any CPU
		{280E29DE-E83B-4F66-A06C-EAACF5CFA35F}.Release|Mixed Platforms.ActiveCfg = Release|Any CPU
		{280E29DE-E83B-4F66-A06C-EAACF5CFA35F}.Release|Mixed Platforms.Build.0 = Release|Any CPU
		{280E29DE-E83B-4F66-A06C-EAACF5CFA35F}.Release|x64.ActiveCfg = Release|x64
		{280E29DE-E83B-4F66-A06C-EAACF5CFA35F}.Release|x64.Build.0 = Release|x64
		{280E29DE-E83B-4F66-A06C-EAACF5CFA35F}.Release|x86.ActiveCfg = Release|Any CPU
		{39AF0D89-8315-4E6A-8287-A21CBC9C4CD6}.Debug|Any CPU.ActiveCfg = Debug|Any CPU
		{39AF0D89-8315-4E6A-8287-A21CBC9C4CD6}.Debug|Any CPU.Build.0 = Debug|Any CPU
		{39AF0D89-8315-4E6A-8287-A21CBC9C4CD6}.Debug|Mixed Platforms.ActiveCfg = Debug|Any CPU
		{39AF0D89-8315-4E6A-8287-A21CBC9C4CD6}.Debug|Mixed Platforms.Build.0 = Debug|Any CPU
		{39AF0D89-8315-4E6A-8287-A21CBC9C4CD6}.Debug|x64.ActiveCfg = Debug|Any CPU
		{39AF0D89-8315-4E6A-8287-A21CBC9C4CD6}.Debug|x86.ActiveCfg = Debug|Any CPU
		{39AF0D89-8315-4E6A-8287-A21CBC9C4CD6}.Release|Any CPU.ActiveCfg = Release|Any CPU
		{39AF0D89-8315-4E6A-8287-A21CBC9C4CD6}.Release|Any CPU.Build.0 = Release|Any CPU
		{39AF0D89-8315-4E6A-8287-A21CBC9C4CD6}.Release|Mixed Platforms.ActiveCfg = Release|Any CPU
		{39AF0D89-8315-4E6A-8287-A21CBC9C4CD6}.Release|Mixed Platforms.Build.0 = Release|Any CPU
		{39AF0D89-8315-4E6A-8287-A21CBC9C4CD6}.Release|x64.ActiveCfg = Release|x64
		{39AF0D89-8315-4E6A-8287-A21CBC9C4CD6}.Release|x64.Build.0 = Release|x64
		{39AF0D89-8315-4E6A-8287-A21CBC9C4CD6}.Release|x86.ActiveCfg = Release|Any CPU
		{8B02E288-C53A-42AB-A1AD-A442B0D0E0D9}.Debug|Any CPU.ActiveCfg = Debug|Any CPU
		{8B02E288-C53A-42AB-A1AD-A442B0D0E0D9}.Debug|Any CPU.Build.0 = Debug|Any CPU
		{8B02E288-C53A-42AB-A1AD-A442B0D0E0D9}.Debug|Mixed Platforms.ActiveCfg = Debug|Any CPU
		{8B02E288-C53A-42AB-A1AD-A442B0D0E0D9}.Debug|Mixed Platforms.Build.0 = Debug|Any CPU
		{8B02E288-C53A-42AB-A1AD-A442B0D0E0D9}.Debug|x64.ActiveCfg = Debug|Any CPU
		{8B02E288-C53A-42AB-A1AD-A442B0D0E0D9}.Debug|x86.ActiveCfg = Debug|Any CPU
		{8B02E288-C53A-42AB-A1AD-A442B0D0E0D9}.Release|Any CPU.ActiveCfg = Release|Any CPU
		{8B02E288-C53A-42AB-A1AD-A442B0D0E0D9}.Release|Any CPU.Build.0 = Release|Any CPU
		{8B02E288-C53A-42AB-A1AD-A442B0D0E0D9}.Release|Mixed Platforms.ActiveCfg = Release|Any CPU
		{8B02E288-C53A-42AB-A1AD-A442B0D0E0D9}.Release|Mixed Platforms.Build.0 = Release|Any CPU
		{8B02E288-C53A-42AB-A1AD-A442B0D0E0D9}.Release|Mixed Platforms.Deploy.0 = Release|Any CPU
		{8B02E288-C53A-42AB-A1AD-A442B0D0E0D9}.Release|x64.ActiveCfg = Release|Any CPU
		{8B02E288-C53A-42AB-A1AD-A442B0D0E0D9}.Release|x86.ActiveCfg = Release|Any CPU
		{A501AEFB-6BA7-47AC-8384-C2BD54C66B5F}.Debug|Any CPU.ActiveCfg = Debug|Any CPU
		{A501AEFB-6BA7-47AC-8384-C2BD54C66B5F}.Debug|Any CPU.Build.0 = Debug|Any CPU
		{A501AEFB-6BA7-47AC-8384-C2BD54C66B5F}.Debug|Mixed Platforms.ActiveCfg = Debug|Any CPU
		{A501AEFB-6BA7-47AC-8384-C2BD54C66B5F}.Debug|Mixed Platforms.Build.0 = Debug|Any CPU
		{A501AEFB-6BA7-47AC-8384-C2BD54C66B5F}.Debug|x64.ActiveCfg = Debug|x86
		{A501AEFB-6BA7-47AC-8384-C2BD54C66B5F}.Debug|x86.ActiveCfg = Debug|x86
		{A501AEFB-6BA7-47AC-8384-C2BD54C66B5F}.Debug|x86.Build.0 = Debug|x86
		{A501AEFB-6BA7-47AC-8384-C2BD54C66B5F}.Release|Any CPU.ActiveCfg = Release|Any CPU
		{A501AEFB-6BA7-47AC-8384-C2BD54C66B5F}.Release|Any CPU.Build.0 = Release|Any CPU
		{A501AEFB-6BA7-47AC-8384-C2BD54C66B5F}.Release|Mixed Platforms.ActiveCfg = Release|Any CPU
		{A501AEFB-6BA7-47AC-8384-C2BD54C66B5F}.Release|Mixed Platforms.Build.0 = Release|Any CPU
		{A501AEFB-6BA7-47AC-8384-C2BD54C66B5F}.Release|x64.ActiveCfg = Release|x64
		{A501AEFB-6BA7-47AC-8384-C2BD54C66B5F}.Release|x64.Build.0 = Release|x64
		{A501AEFB-6BA7-47AC-8384-C2BD54C66B5F}.Release|x86.ActiveCfg = Release|x86
		{A501AEFB-6BA7-47AC-8384-C2BD54C66B5F}.Release|x86.Build.0 = Release|x86
		{0B4A45BB-262C-4E18-830A-0EA8B6B58FB9}.Debug|Any CPU.ActiveCfg = Debug|Any CPU
		{0B4A45BB-262C-4E18-830A-0EA8B6B58FB9}.Debug|Any CPU.Build.0 = Debug|Any CPU
		{0B4A45BB-262C-4E18-830A-0EA8B6B58FB9}.Debug|Mixed Platforms.ActiveCfg = Debug|Any CPU
		{0B4A45BB-262C-4E18-830A-0EA8B6B58FB9}.Debug|Mixed Platforms.Build.0 = Debug|Any CPU
		{0B4A45BB-262C-4E18-830A-0EA8B6B58FB9}.Debug|x64.ActiveCfg = Debug|Any CPU
		{0B4A45BB-262C-4E18-830A-0EA8B6B58FB9}.Debug|x86.ActiveCfg = Debug|Any CPU
		{0B4A45BB-262C-4E18-830A-0EA8B6B58FB9}.Release|Any CPU.ActiveCfg = Release|Any CPU
		{0B4A45BB-262C-4E18-830A-0EA8B6B58FB9}.Release|Any CPU.Build.0 = Release|Any CPU
		{0B4A45BB-262C-4E18-830A-0EA8B6B58FB9}.Release|Mixed Platforms.ActiveCfg = Release|Any CPU
		{0B4A45BB-262C-4E18-830A-0EA8B6B58FB9}.Release|Mixed Platforms.Build.0 = Release|Any CPU
		{0B4A45BB-262C-4E18-830A-0EA8B6B58FB9}.Release|x64.ActiveCfg = Release|x64
		{0B4A45BB-262C-4E18-830A-0EA8B6B58FB9}.Release|x64.Build.0 = Release|x64
		{0B4A45BB-262C-4E18-830A-0EA8B6B58FB9}.Release|x86.ActiveCfg = Release|Any CPU
		{BC7DF30A-3F39-402E-9B06-C9AE1E0537F4}.Debug|Any CPU.ActiveCfg = Debug|Any CPU
		{BC7DF30A-3F39-402E-9B06-C9AE1E0537F4}.Debug|Any CPU.Build.0 = Debug|Any CPU
		{BC7DF30A-3F39-402E-9B06-C9AE1E0537F4}.Debug|Mixed Platforms.ActiveCfg = Debug|Any CPU
		{BC7DF30A-3F39-402E-9B06-C9AE1E0537F4}.Debug|Mixed Platforms.Build.0 = Debug|Any CPU
		{BC7DF30A-3F39-402E-9B06-C9AE1E0537F4}.Debug|x64.ActiveCfg = Debug|Any CPU
		{BC7DF30A-3F39-402E-9B06-C9AE1E0537F4}.Debug|x86.ActiveCfg = Debug|Any CPU
		{BC7DF30A-3F39-402E-9B06-C9AE1E0537F4}.Release|Any CPU.ActiveCfg = Release|Any CPU
		{BC7DF30A-3F39-402E-9B06-C9AE1E0537F4}.Release|Any CPU.Build.0 = Release|Any CPU
		{BC7DF30A-3F39-402E-9B06-C9AE1E0537F4}.Release|Mixed Platforms.ActiveCfg = Release|Any CPU
		{BC7DF30A-3F39-402E-9B06-C9AE1E0537F4}.Release|Mixed Platforms.Build.0 = Release|Any CPU
		{BC7DF30A-3F39-402E-9B06-C9AE1E0537F4}.Release|x64.ActiveCfg = Release|x64
		{BC7DF30A-3F39-402E-9B06-C9AE1E0537F4}.Release|x64.Build.0 = Release|x64
		{BC7DF30A-3F39-402E-9B06-C9AE1E0537F4}.Release|x64.Deploy.0 = Release|x64
		{BC7DF30A-3F39-402E-9B06-C9AE1E0537F4}.Release|x86.ActiveCfg = Release|Any CPU
		{D1182D81-3E17-441B-82E7-97AEBF9B8879}.Debug|Any CPU.ActiveCfg = Debug|Any CPU
		{D1182D81-3E17-441B-82E7-97AEBF9B8879}.Debug|Any CPU.Build.0 = Debug|Any CPU
		{D1182D81-3E17-441B-82E7-97AEBF9B8879}.Debug|Mixed Platforms.ActiveCfg = Debug|Any CPU
		{D1182D81-3E17-441B-82E7-97AEBF9B8879}.Debug|Mixed Platforms.Build.0 = Debug|Any CPU
		{D1182D81-3E17-441B-82E7-97AEBF9B8879}.Debug|x64.ActiveCfg = Debug|x64
		{D1182D81-3E17-441B-82E7-97AEBF9B8879}.Debug|x64.Build.0 = Debug|x64
		{D1182D81-3E17-441B-82E7-97AEBF9B8879}.Debug|x86.ActiveCfg = Debug|Any CPU
		{D1182D81-3E17-441B-82E7-97AEBF9B8879}.Release|Any CPU.ActiveCfg = Release|Any CPU
		{D1182D81-3E17-441B-82E7-97AEBF9B8879}.Release|Any CPU.Build.0 = Release|Any CPU
		{D1182D81-3E17-441B-82E7-97AEBF9B8879}.Release|Mixed Platforms.ActiveCfg = Release|Any CPU
		{D1182D81-3E17-441B-82E7-97AEBF9B8879}.Release|Mixed Platforms.Build.0 = Release|Any CPU
		{D1182D81-3E17-441B-82E7-97AEBF9B8879}.Release|x64.ActiveCfg = Release|x64
		{D1182D81-3E17-441B-82E7-97AEBF9B8879}.Release|x64.Build.0 = Release|x64
		{D1182D81-3E17-441B-82E7-97AEBF9B8879}.Release|x86.ActiveCfg = Release|Any CPU
		{6C250826-A52A-4B4D-97CF-070D4E91C29F}.Debug|Any CPU.ActiveCfg = Debug|Any CPU
		{6C250826-A52A-4B4D-97CF-070D4E91C29F}.Debug|Any CPU.Build.0 = Debug|Any CPU
		{6C250826-A52A-4B4D-97CF-070D4E91C29F}.Debug|Mixed Platforms.ActiveCfg = Debug|Any CPU
		{6C250826-A52A-4B4D-97CF-070D4E91C29F}.Debug|Mixed Platforms.Build.0 = Debug|Any CPU
		{6C250826-A52A-4B4D-97CF-070D4E91C29F}.Debug|x64.ActiveCfg = Debug|x64
		{6C250826-A52A-4B4D-97CF-070D4E91C29F}.Debug|x64.Build.0 = Debug|x64
		{6C250826-A52A-4B4D-97CF-070D4E91C29F}.Debug|x86.ActiveCfg = Debug|Any CPU
		{6C250826-A52A-4B4D-97CF-070D4E91C29F}.Release|Any CPU.ActiveCfg = Release|Any CPU
		{6C250826-A52A-4B4D-97CF-070D4E91C29F}.Release|Any CPU.Build.0 = Release|Any CPU
		{6C250826-A52A-4B4D-97CF-070D4E91C29F}.Release|Mixed Platforms.ActiveCfg = Release|Any CPU
		{6C250826-A52A-4B4D-97CF-070D4E91C29F}.Release|Mixed Platforms.Build.0 = Release|Any CPU
		{6C250826-A52A-4B4D-97CF-070D4E91C29F}.Release|x64.ActiveCfg = Release|x64
		{6C250826-A52A-4B4D-97CF-070D4E91C29F}.Release|x64.Build.0 = Release|x64
		{6C250826-A52A-4B4D-97CF-070D4E91C29F}.Release|x86.ActiveCfg = Release|Any CPU
		{D8B84EA1-5BF1-4B8F-B1C6-39269F0A4751}.Debug|Any CPU.ActiveCfg = Debug|Any CPU
		{D8B84EA1-5BF1-4B8F-B1C6-39269F0A4751}.Debug|Any CPU.Build.0 = Debug|Any CPU
		{D8B84EA1-5BF1-4B8F-B1C6-39269F0A4751}.Debug|Mixed Platforms.ActiveCfg = Debug|Any CPU
		{D8B84EA1-5BF1-4B8F-B1C6-39269F0A4751}.Debug|Mixed Platforms.Build.0 = Debug|Any CPU
		{D8B84EA1-5BF1-4B8F-B1C6-39269F0A4751}.Debug|x64.ActiveCfg = Debug|x64
		{D8B84EA1-5BF1-4B8F-B1C6-39269F0A4751}.Debug|x86.ActiveCfg = Debug|x86
		{D8B84EA1-5BF1-4B8F-B1C6-39269F0A4751}.Debug|x86.Build.0 = Debug|x86
		{D8B84EA1-5BF1-4B8F-B1C6-39269F0A4751}.Release|Any CPU.ActiveCfg = Release|Any CPU
		{D8B84EA1-5BF1-4B8F-B1C6-39269F0A4751}.Release|Any CPU.Build.0 = Release|Any CPU
		{D8B84EA1-5BF1-4B8F-B1C6-39269F0A4751}.Release|Mixed Platforms.ActiveCfg = Release|Any CPU
		{D8B84EA1-5BF1-4B8F-B1C6-39269F0A4751}.Release|Mixed Platforms.Build.0 = Release|Any CPU
		{D8B84EA1-5BF1-4B8F-B1C6-39269F0A4751}.Release|x64.ActiveCfg = Release|x64
		{D8B84EA1-5BF1-4B8F-B1C6-39269F0A4751}.Release|x64.Build.0 = Release|x64
		{D8B84EA1-5BF1-4B8F-B1C6-39269F0A4751}.Release|x86.ActiveCfg = Release|x86
		{D8B84EA1-5BF1-4B8F-B1C6-39269F0A4751}.Release|x86.Build.0 = Release|x86
		{F6557D20-5328-48AB-BB0B-428A56E1AC6E}.Debug|Any CPU.ActiveCfg = Debug|Any CPU
		{F6557D20-5328-48AB-BB0B-428A56E1AC6E}.Debug|Any CPU.Build.0 = Debug|Any CPU
		{F6557D20-5328-48AB-BB0B-428A56E1AC6E}.Debug|Mixed Platforms.ActiveCfg = Debug|Any CPU
		{F6557D20-5328-48AB-BB0B-428A56E1AC6E}.Debug|Mixed Platforms.Build.0 = Debug|Any CPU
		{F6557D20-5328-48AB-BB0B-428A56E1AC6E}.Debug|x64.ActiveCfg = Debug|Any CPU
		{F6557D20-5328-48AB-BB0B-428A56E1AC6E}.Debug|x86.ActiveCfg = Debug|Any CPU
		{F6557D20-5328-48AB-BB0B-428A56E1AC6E}.Release|Any CPU.ActiveCfg = Release|Any CPU
		{F6557D20-5328-48AB-BB0B-428A56E1AC6E}.Release|Any CPU.Build.0 = Release|Any CPU
		{F6557D20-5328-48AB-BB0B-428A56E1AC6E}.Release|Mixed Platforms.ActiveCfg = Release|Any CPU
		{F6557D20-5328-48AB-BB0B-428A56E1AC6E}.Release|Mixed Platforms.Build.0 = Release|Any CPU
		{F6557D20-5328-48AB-BB0B-428A56E1AC6E}.Release|x64.ActiveCfg = Release|x64
		{F6557D20-5328-48AB-BB0B-428A56E1AC6E}.Release|x64.Build.0 = Release|x64
		{F6557D20-5328-48AB-BB0B-428A56E1AC6E}.Release|x86.ActiveCfg = Release|Any CPU
		{A74ACAF0-5C62-49F6-BAF2-C78595F1395F}.Debug|Any CPU.ActiveCfg = Debug|x86
		{A74ACAF0-5C62-49F6-BAF2-C78595F1395F}.Debug|Mixed Platforms.ActiveCfg = Debug|x86
		{A74ACAF0-5C62-49F6-BAF2-C78595F1395F}.Debug|Mixed Platforms.Build.0 = Debug|x86
		{A74ACAF0-5C62-49F6-BAF2-C78595F1395F}.Debug|x64.ActiveCfg = Debug|x64
		{A74ACAF0-5C62-49F6-BAF2-C78595F1395F}.Debug|x86.ActiveCfg = Debug|x86
		{A74ACAF0-5C62-49F6-BAF2-C78595F1395F}.Debug|x86.Build.0 = Debug|x86
		{A74ACAF0-5C62-49F6-BAF2-C78595F1395F}.Release|Any CPU.ActiveCfg = Release|Any CPU
		{A74ACAF0-5C62-49F6-BAF2-C78595F1395F}.Release|Mixed Platforms.ActiveCfg = Release|Any CPU
		{A74ACAF0-5C62-49F6-BAF2-C78595F1395F}.Release|Mixed Platforms.Build.0 = Release|Any CPU
		{A74ACAF0-5C62-49F6-BAF2-C78595F1395F}.Release|x64.ActiveCfg = Release|x64
		{A74ACAF0-5C62-49F6-BAF2-C78595F1395F}.Release|x64.Build.0 = Release|x64
		{A74ACAF0-5C62-49F6-BAF2-C78595F1395F}.Release|x86.ActiveCfg = Release|x86
		{A74ACAF0-5C62-49F6-BAF2-C78595F1395F}.Release|x86.Build.0 = Release|x86
		{CF7B5093-3FED-483D-B695-079256225FC4}.Debug|Any CPU.ActiveCfg = Debug|Any CPU
		{CF7B5093-3FED-483D-B695-079256225FC4}.Debug|Any CPU.Build.0 = Debug|Any CPU
		{CF7B5093-3FED-483D-B695-079256225FC4}.Debug|Mixed Platforms.ActiveCfg = Debug|Any CPU
		{CF7B5093-3FED-483D-B695-079256225FC4}.Debug|Mixed Platforms.Build.0 = Debug|Any CPU
		{CF7B5093-3FED-483D-B695-079256225FC4}.Debug|x64.ActiveCfg = Debug|Any CPU
		{CF7B5093-3FED-483D-B695-079256225FC4}.Debug|x86.ActiveCfg = Debug|Any CPU
		{CF7B5093-3FED-483D-B695-079256225FC4}.Release|Any CPU.ActiveCfg = Release|Any CPU
		{CF7B5093-3FED-483D-B695-079256225FC4}.Release|Any CPU.Build.0 = Release|Any CPU
		{CF7B5093-3FED-483D-B695-079256225FC4}.Release|Mixed Platforms.ActiveCfg = Release|Any CPU
		{CF7B5093-3FED-483D-B695-079256225FC4}.Release|Mixed Platforms.Build.0 = Release|Any CPU
		{CF7B5093-3FED-483D-B695-079256225FC4}.Release|x64.ActiveCfg = Release|Any CPU
		{CF7B5093-3FED-483D-B695-079256225FC4}.Release|x86.ActiveCfg = Release|Any CPU
		{FA4D7979-1E66-488B-9A49-0E44818A4373}.Debug|Any CPU.ActiveCfg = Debug|Any CPU
		{FA4D7979-1E66-488B-9A49-0E44818A4373}.Debug|Any CPU.Build.0 = Debug|Any CPU
		{FA4D7979-1E66-488B-9A49-0E44818A4373}.Debug|Mixed Platforms.ActiveCfg = Debug|Any CPU
		{FA4D7979-1E66-488B-9A49-0E44818A4373}.Debug|Mixed Platforms.Build.0 = Debug|Any CPU
		{FA4D7979-1E66-488B-9A49-0E44818A4373}.Debug|x64.ActiveCfg = Debug|Any CPU
		{FA4D7979-1E66-488B-9A49-0E44818A4373}.Debug|x86.ActiveCfg = Debug|Any CPU
		{FA4D7979-1E66-488B-9A49-0E44818A4373}.Release|Any CPU.ActiveCfg = Release|Any CPU
		{FA4D7979-1E66-488B-9A49-0E44818A4373}.Release|Any CPU.Build.0 = Release|Any CPU
		{FA4D7979-1E66-488B-9A49-0E44818A4373}.Release|Mixed Platforms.ActiveCfg = Release|Any CPU
		{FA4D7979-1E66-488B-9A49-0E44818A4373}.Release|Mixed Platforms.Build.0 = Release|Any CPU
		{FA4D7979-1E66-488B-9A49-0E44818A4373}.Release|x64.ActiveCfg = Release|Any CPU
		{FA4D7979-1E66-488B-9A49-0E44818A4373}.Release|x86.ActiveCfg = Release|Any CPU
	EndGlobalSection
	GlobalSection(SolutionProperties) = preSolution
		HideSolutionNode = FALSE
	EndGlobalSection
	GlobalSection(NestedProjects) = preSolution
		{A3A80826-066D-4519-9D2A-C00E01243E6E} = {71E00B3B-28A2-4936-A820-A75EEF0D1ACC}
		{4C44C586-793D-40FE-8758-ED302EC3A4AB} = {71E00B3B-28A2-4936-A820-A75EEF0D1ACC}
		{8B02E288-C53A-42AB-A1AD-A442B0D0E0D9} = {71E00B3B-28A2-4936-A820-A75EEF0D1ACC}
		{6E4B9146-D44D-47B0-A9CA-82381D7E44E6} = {CBE60C81-9B98-4D58-A5C8-8C825786AAB2}
		{3FABC032-056D-46DD-A89D-C496B8FC3596} = {CBE60C81-9B98-4D58-A5C8-8C825786AAB2}
		{66D44518-5380-4621-AA03-E95DBC0FD17E} = {CBE60C81-9B98-4D58-A5C8-8C825786AAB2}
		{E77D2C1D-4109-4DE2-A975-D16CD8CFE321} = {CBE60C81-9B98-4D58-A5C8-8C825786AAB2}
		{A44D6C6D-4331-4D1B-BB59-7CB532A0C4AD} = {CBE60C81-9B98-4D58-A5C8-8C825786AAB2}
		{FF72ADBF-A2A2-4DF5-8C0B-2C76A9E43702} = {CBE60C81-9B98-4D58-A5C8-8C825786AAB2}
		{5E3130AD-56FE-4936-B21D-DFF70EF48960} = {3FABC032-056D-46DD-A89D-C496B8FC3596}
		{E9E91555-7712-41F2-8275-CC80C2F002A6} = {3FABC032-056D-46DD-A89D-C496B8FC3596}
		{39265C3C-2686-4F48-A18B-C9C5F1FA321D} = {3FABC032-056D-46DD-A89D-C496B8FC3596}
		{280E29DE-E83B-4F66-A06C-EAACF5CFA35F} = {D32F4122-8FE7-4B4F-AE00-5F65150BA82F}
		{39AF0D89-8315-4E6A-8287-A21CBC9C4CD6} = {D32F4122-8FE7-4B4F-AE00-5F65150BA82F}
		{A501AEFB-6BA7-47AC-8384-C2BD54C66B5F} = {D32F4122-8FE7-4B4F-AE00-5F65150BA82F}
		{14D5461C-7451-4E37-8546-F7815F4842B5} = {39265C3C-2686-4F48-A18B-C9C5F1FA321D}
		{5D7B0F27-DC04-4E08-94C8-9E93907DA804} = {39265C3C-2686-4F48-A18B-C9C5F1FA321D}
		{7F6F83FC-7772-4F8A-B71D-3A6600D3E5FB} = {39265C3C-2686-4F48-A18B-C9C5F1FA321D}
		{A41E99C6-9215-4680-ADBC-6F05859ADD80} = {5D7B0F27-DC04-4E08-94C8-9E93907DA804}
		{60B15D4E-2F66-4EFA-B382-C77E81B92069} = {5D7B0F27-DC04-4E08-94C8-9E93907DA804}
		{A5346E7E-A21A-4007-BB22-0F9FC444EB2D} = {7F6F83FC-7772-4F8A-B71D-3A6600D3E5FB}
		{8E0E8061-0A3F-48E1-941A-BDD736AB3C39} = {7F6F83FC-7772-4F8A-B71D-3A6600D3E5FB}
	EndGlobalSection
EndGlobal
